<?xml version="1.0" encoding="UTF-8"?>
<!DOCTYPE plist PUBLIC "-//Apple//DTD PLIST 1.0//EN" "http://www.apple.com/DTDs/PropertyList-1.0.dtd">
<plist version="1.0">
<dict>
	<key>archiveVersion</key>
	<string>1</string>
	<key>classes</key>
	<dict/>
	<key>objectVersion</key>
	<string>46</string>
	<key>objects</key>
	<dict>
		<key>1A3CBAF7174C7DD50012A9FF</key>
		<dict>
			<key>isa</key>
			<string>PBXFileReference</string>
			<key>lastKnownFileType</key>
			<string>image.png</string>
			<key>name</key>
			<string>07-map-marker.png</string>
			<key>path</key>
			<string>Resources/07-map-marker.png</string>
			<key>sourceTree</key>
			<string>&lt;group&gt;</string>
		</dict>
		<key>1A3CBAF8174C7DD50012A9FF</key>
		<dict>
			<key>isa</key>
			<string>PBXFileReference</string>
			<key>lastKnownFileType</key>
			<string>image.png</string>
			<key>name</key>
			<string>07-map-marker@2x.png</string>
			<key>path</key>
			<string>Resources/07-map-marker@2x.png</string>
			<key>sourceTree</key>
			<string>&lt;group&gt;</string>
		</dict>
		<key>1A3CBAF9174C7DD50012A9FF</key>
		<dict>
			<key>isa</key>
			<string>PBXFileReference</string>
			<key>lastKnownFileType</key>
			<string>image.png</string>
			<key>name</key>
			<string>83-calendar.png</string>
			<key>path</key>
			<string>Resources/83-calendar.png</string>
			<key>sourceTree</key>
			<string>&lt;group&gt;</string>
		</dict>
		<key>1A3CBAFA174C7DD50012A9FF</key>
		<dict>
			<key>isa</key>
			<string>PBXFileReference</string>
			<key>lastKnownFileType</key>
			<string>image.png</string>
			<key>name</key>
			<string>83-calendar@2x.png</string>
			<key>path</key>
			<string>Resources/83-calendar@2x.png</string>
			<key>sourceTree</key>
			<string>&lt;group&gt;</string>
		</dict>
		<key>1A3CBAFB174C7DD50012A9FF</key>
		<dict>
			<key>isa</key>
			<string>PBXFileReference</string>
			<key>lastKnownFileType</key>
			<string>image.png</string>
			<key>name</key>
			<string>103-map.png</string>
			<key>path</key>
			<string>Resources/103-map.png</string>
			<key>sourceTree</key>
			<string>&lt;group&gt;</string>
		</dict>
		<key>1A3CBAFC174C7DD50012A9FF</key>
		<dict>
			<key>isa</key>
			<string>PBXFileReference</string>
			<key>lastKnownFileType</key>
			<string>image.png</string>
			<key>name</key>
			<string>103-map@2x.png</string>
			<key>path</key>
			<string>Resources/103-map@2x.png</string>
			<key>sourceTree</key>
			<string>&lt;group&gt;</string>
		</dict>
		<key>1A3CBAFD174C7DD50012A9FF</key>
		<dict>
			<key>fileRef</key>
			<string>1A3CBAF7174C7DD50012A9FF</string>
			<key>isa</key>
			<string>PBXBuildFile</string>
		</dict>
		<key>1A3CBAFE174C7DD50012A9FF</key>
		<dict>
			<key>fileRef</key>
			<string>1A3CBAF8174C7DD50012A9FF</string>
			<key>isa</key>
			<string>PBXBuildFile</string>
		</dict>
		<key>1A3CBAFF174C7DD50012A9FF</key>
		<dict>
			<key>fileRef</key>
			<string>1A3CBAF9174C7DD50012A9FF</string>
			<key>isa</key>
			<string>PBXBuildFile</string>
		</dict>
		<key>1A3CBB00174C7DD50012A9FF</key>
		<dict>
			<key>fileRef</key>
			<string>1A3CBAFA174C7DD50012A9FF</string>
			<key>isa</key>
			<string>PBXBuildFile</string>
		</dict>
		<key>1A3CBB01174C7DD50012A9FF</key>
		<dict>
			<key>fileRef</key>
			<string>1A3CBAFB174C7DD50012A9FF</string>
			<key>isa</key>
			<string>PBXBuildFile</string>
		</dict>
		<key>1A3CBB02174C7DD50012A9FF</key>
		<dict>
			<key>fileRef</key>
			<string>1A3CBAFC174C7DD50012A9FF</string>
			<key>isa</key>
			<string>PBXBuildFile</string>
		</dict>
		<key>1A3CBB03174C7DD90012A9FF</key>
		<dict>
			<key>children</key>
			<array>
				<string>1A3CBAF7174C7DD50012A9FF</string>
				<string>1A3CBAF8174C7DD50012A9FF</string>
				<string>1A3CBAF9174C7DD50012A9FF</string>
				<string>1A3CBAFA174C7DD50012A9FF</string>
				<string>1A3CBAFB174C7DD50012A9FF</string>
				<string>1A3CBAFC174C7DD50012A9FF</string>
			</array>
			<key>isa</key>
			<string>PBXGroup</string>
			<key>name</key>
			<string>Resources</string>
			<key>sourceTree</key>
			<string>&lt;group&gt;</string>
		</dict>
		<key>9F41701ECA44409185F67146</key>
		<dict>
			<key>buildActionMask</key>
			<string>2147483647</string>
			<key>files</key>
			<array/>
			<key>inputPaths</key>
			<array/>
			<key>isa</key>
			<string>PBXShellScriptBuildPhase</string>
			<key>name</key>
			<string>Copy Pods Resources</string>
			<key>outputPaths</key>
			<array/>
			<key>runOnlyForDeploymentPostprocessing</key>
			<string>0</string>
			<key>shellPath</key>
			<string>/bin/sh</string>
			<key>shellScript</key>
			<string>"${SRCROOT}/Pods/Pods-resources.sh"
</string>
			<key>showEnvVarsInLog</key>
			<string>1</string>
		</dict>
		<key>B5F418AA056046E3B9AD30C4</key>
		<dict>
			<key>fileRef</key>
			<string>E573213D493340B9A803E862</string>
			<key>isa</key>
			<string>PBXBuildFile</string>
			<key>settings</key>
			<dict/>
		</dict>
		<key>D42D5F37174E36EA00887CFA</key>
		<dict>
			<key>children</key>
			<array>
				<string>D42E557F174BCEC70070A864</string>
				<string>D42E5580174BCEC70070A864</string>
				<string>D476F678174DF5C0000A3ADD</string>
				<string>D476F679174DF5C0000A3ADD</string>
				<string>D476F67E174E06D7000A3ADD</string>
				<string>D476F67F174E06D7000A3ADD</string>
				<string>D476F67B174DFB4F000A3ADD</string>
				<string>D476F67C174DFB4F000A3ADD</string>
				<string>D476F681174E0828000A3ADD</string>
				<string>D476F682174E0828000A3ADD</string>
				<string>D4C4E0DE175865E20003516C</string>
				<string>D4C4E0DF175865E20003516C</string>
			</array>
			<key>isa</key>
			<string>PBXGroup</string>
			<key>name</key>
			<string>Model</string>
			<key>sourceTree</key>
			<string>&lt;group&gt;</string>
		</dict>
		<key>D42D5F38174E370200887CFA</key>
		<dict>
			<key>children</key>
			<array>
				<string>D4968BB417642A6B009AB804</string>
				<string>D4968BB517642A6B009AB804</string>
				<string>D4968BB717642AD2009AB804</string>
				<string>D4968BB817642AD2009AB804</string>
				<string>D4968BBA17646714009AB804</string>
				<string>D4968BBB17646714009AB804</string>
				<string>D4968BBD17646722009AB804</string>
				<string>D4968BBE17646722009AB804</string>
				<string>D456554817670ACC004BE2D6</string>
				<string>D456554917670ACC004BE2D6</string>
			</array>
			<key>isa</key>
			<string>PBXGroup</string>
			<key>name</key>
			<string>Controller</string>
			<key>sourceTree</key>
			<string>&lt;group&gt;</string>
		</dict>
		<key>D42D5F39174E374300887CFA</key>
		<dict>
			<key>children</key>
			<array>
				<string>D42E558B174BCEC70070A864</string>
				<string>D42E5588174BCEC70070A864</string>
			</array>
			<key>isa</key>
			<string>PBXGroup</string>
			<key>name</key>
			<string>View</string>
			<key>sourceTree</key>
			<string>&lt;group&gt;</string>
		</dict>
		<key>D42E5564174BCEC70070A864</key>
		<dict>
			<key>children</key>
			<array>
				<string>D42E5576174BCEC70070A864</string>
				<string>D42E55A8174BCEC70070A864</string>
				<string>D42E556F174BCEC70070A864</string>
				<string>D42E556E174BCEC70070A864</string>
				<string>D5DC557F780C4DB1AB7F84BD</string>
			</array>
			<key>isa</key>
			<string>PBXGroup</string>
			<key>sourceTree</key>
			<string>&lt;group&gt;</string>
		</dict>
		<key>D42E5565174BCEC70070A864</key>
		<dict>
			<key>attributes</key>
			<dict>
				<key>CLASSPREFIX</key>
				<string>ZN</string>
				<key>LastUpgradeCheck</key>
				<string>0460</string>
				<key>ORGANIZATIONNAME</key>
				<string>Zhenar</string>
			</dict>
			<key>buildConfigurationList</key>
			<string>D42E5568174BCEC70070A864</string>
			<key>compatibilityVersion</key>
			<string>Xcode 3.2</string>
			<key>developmentRegion</key>
			<string>English</string>
			<key>hasScannedForEncodings</key>
			<string>0</string>
			<key>isa</key>
			<string>PBXProject</string>
			<key>knownRegions</key>
			<array>
				<string>en</string>
			</array>
			<key>mainGroup</key>
			<string>D42E5564174BCEC70070A864</string>
			<key>productRefGroup</key>
			<string>D42E556E174BCEC70070A864</string>
			<key>projectDirPath</key>
			<string></string>
			<key>projectReferences</key>
			<array/>
			<key>projectRoot</key>
			<string></string>
			<key>targets</key>
			<array>
				<string>D42E556C174BCEC70070A864</string>
				<string>D42E55A0174BCEC70070A864</string>
			</array>
		</dict>
		<key>D42E5568174BCEC70070A864</key>
		<dict>
			<key>buildConfigurations</key>
			<array>
				<string>D42E55B1174BCEC70070A864</string>
				<string>D42E55B2174BCEC70070A864</string>
			</array>
			<key>defaultConfigurationIsVisible</key>
			<string>0</string>
			<key>defaultConfigurationName</key>
			<string>Release</string>
			<key>isa</key>
			<string>XCConfigurationList</string>
		</dict>
		<key>D42E5569174BCEC70070A864</key>
		<dict>
			<key>buildActionMask</key>
			<string>2147483647</string>
			<key>files</key>
			<array>
				<string>D42E557D174BCEC70070A864</string>
				<string>D42E5581174BCEC70070A864</string>
				<string>D476F67A174DF5C0000A3ADD</string>
				<string>D476F67D174DFB4F000A3ADD</string>
				<string>D476F680174E06D7000A3ADD</string>
				<string>D476F683174E0828000A3ADD</string>
				<string>D4C4E0E0175865E20003516C</string>
				<string>D4968BB617642A6B009AB804</string>
				<string>D4968BB917642AD2009AB804</string>
				<string>D4968BBC17646714009AB804</string>
				<string>D4968BBF17646722009AB804</string>
				<string>D456554A17670ACC004BE2D6</string>
			</array>
			<key>isa</key>
			<string>PBXSourcesBuildPhase</string>
			<key>runOnlyForDeploymentPostprocessing</key>
			<string>0</string>
		</dict>
		<key>D42E556A174BCEC70070A864</key>
		<dict>
			<key>buildActionMask</key>
			<string>2147483647</string>
			<key>files</key>
			<array>
				<string>D476F685174E30E6000A3ADD</string>
				<string>D42E5571174BCEC70070A864</string>
				<string>D42E5573174BCEC70070A864</string>
				<string>D42E5575174BCEC70070A864</string>
				<string>B5F418AA056046E3B9AD30C4</string>
			</array>
			<key>isa</key>
			<string>PBXFrameworksBuildPhase</string>
			<key>runOnlyForDeploymentPostprocessing</key>
			<string>0</string>
		</dict>
		<key>D42E556B174BCEC70070A864</key>
		<dict>
			<key>buildActionMask</key>
			<string>2147483647</string>
			<key>files</key>
			<array>
				<string>D42E557B174BCEC70070A864</string>
				<string>D42E5583174BCEC70070A864</string>
				<string>D42E5585174BCEC70070A864</string>
				<string>D42E5587174BCEC70070A864</string>
				<string>D42E558A174BCEC70070A864</string>
				<string>D42E558D174BCEC70070A864</string>
				<string>1A3CBAFD174C7DD50012A9FF</string>
				<string>1A3CBAFE174C7DD50012A9FF</string>
				<string>1A3CBAFF174C7DD50012A9FF</string>
				<string>1A3CBB00174C7DD50012A9FF</string>
				<string>1A3CBB01174C7DD50012A9FF</string>
				<string>1A3CBB02174C7DD50012A9FF</string>
			</array>
			<key>isa</key>
			<string>PBXResourcesBuildPhase</string>
			<key>runOnlyForDeploymentPostprocessing</key>
			<string>0</string>
		</dict>
		<key>D42E556C174BCEC70070A864</key>
		<dict>
			<key>buildConfigurationList</key>
			<string>D42E55B3174BCEC70070A864</string>
			<key>buildPhases</key>
			<array>
				<string>F0EA8E8801A34C268DAE65FC</string>
				<string>D42E5569174BCEC70070A864</string>
				<string>D42E556A174BCEC70070A864</string>
				<string>D42E556B174BCEC70070A864</string>
				<string>9F41701ECA44409185F67146</string>
			</array>
			<key>buildRules</key>
			<array/>
			<key>dependencies</key>
			<array/>
			<key>isa</key>
			<string>PBXNativeTarget</string>
			<key>name</key>
			<string>ZheNar</string>
			<key>productName</key>
			<string>ZheNar</string>
			<key>productReference</key>
			<string>D42E556D174BCEC70070A864</string>
			<key>productType</key>
			<string>com.apple.product-type.application</string>
		</dict>
		<key>D42E556D174BCEC70070A864</key>
		<dict>
			<key>explicitFileType</key>
			<string>wrapper.application</string>
			<key>includeInIndex</key>
			<string>0</string>
			<key>isa</key>
			<string>PBXFileReference</string>
			<key>path</key>
			<string>ZheNar.app</string>
			<key>sourceTree</key>
			<string>BUILT_PRODUCTS_DIR</string>
		</dict>
		<key>D42E556E174BCEC70070A864</key>
		<dict>
			<key>children</key>
			<array>
				<string>D42E556D174BCEC70070A864</string>
				<string>D42E55A1174BCEC70070A864</string>
			</array>
			<key>isa</key>
			<string>PBXGroup</string>
			<key>name</key>
			<string>Products</string>
			<key>sourceTree</key>
			<string>&lt;group&gt;</string>
		</dict>
		<key>D42E556F174BCEC70070A864</key>
		<dict>
			<key>children</key>
			<array>
				<string>D476F684174E30E6000A3ADD</string>
				<string>D42E5570174BCEC70070A864</string>
				<string>D42E5572174BCEC70070A864</string>
				<string>D42E5574174BCEC70070A864</string>
				<string>D42E55A2174BCEC70070A864</string>
				<string>E573213D493340B9A803E862</string>
			</array>
			<key>isa</key>
			<string>PBXGroup</string>
			<key>name</key>
			<string>Frameworks</string>
			<key>sourceTree</key>
			<string>&lt;group&gt;</string>
		</dict>
		<key>D42E5570174BCEC70070A864</key>
		<dict>
			<key>isa</key>
			<string>PBXFileReference</string>
			<key>lastKnownFileType</key>
			<string>wrapper.framework</string>
			<key>name</key>
			<string>UIKit.framework</string>
			<key>path</key>
			<string>System/Library/Frameworks/UIKit.framework</string>
			<key>sourceTree</key>
			<string>SDKROOT</string>
		</dict>
		<key>D42E5571174BCEC70070A864</key>
		<dict>
			<key>fileRef</key>
			<string>D42E5570174BCEC70070A864</string>
			<key>isa</key>
			<string>PBXBuildFile</string>
		</dict>
		<key>D42E5572174BCEC70070A864</key>
		<dict>
			<key>isa</key>
			<string>PBXFileReference</string>
			<key>lastKnownFileType</key>
			<string>wrapper.framework</string>
			<key>name</key>
			<string>Foundation.framework</string>
			<key>path</key>
			<string>System/Library/Frameworks/Foundation.framework</string>
			<key>sourceTree</key>
			<string>SDKROOT</string>
		</dict>
		<key>D42E5573174BCEC70070A864</key>
		<dict>
			<key>fileRef</key>
			<string>D42E5572174BCEC70070A864</string>
			<key>isa</key>
			<string>PBXBuildFile</string>
		</dict>
		<key>D42E5574174BCEC70070A864</key>
		<dict>
			<key>isa</key>
			<string>PBXFileReference</string>
			<key>lastKnownFileType</key>
			<string>wrapper.framework</string>
			<key>name</key>
			<string>CoreGraphics.framework</string>
			<key>path</key>
			<string>System/Library/Frameworks/CoreGraphics.framework</string>
			<key>sourceTree</key>
			<string>SDKROOT</string>
		</dict>
		<key>D42E5575174BCEC70070A864</key>
		<dict>
			<key>fileRef</key>
			<string>D42E5574174BCEC70070A864</string>
			<key>isa</key>
			<string>PBXBuildFile</string>
		</dict>
		<key>D42E5576174BCEC70070A864</key>
		<dict>
			<key>children</key>
			<array>
				<string>D42D5F39174E374300887CFA</string>
				<string>D42D5F38174E370200887CFA</string>
				<string>D42D5F37174E36EA00887CFA</string>
				<string>1A3CBB03174C7DD90012A9FF</string>
				<string>D42E5577174BCEC70070A864</string>
			</array>
			<key>isa</key>
			<string>PBXGroup</string>
			<key>path</key>
			<string>ZheNar</string>
			<key>sourceTree</key>
			<string>&lt;group&gt;</string>
		</dict>
		<key>D42E5577174BCEC70070A864</key>
		<dict>
			<key>children</key>
			<array>
				<string>D42E5578174BCEC70070A864</string>
				<string>D42E5579174BCEC70070A864</string>
				<string>D42E557C174BCEC70070A864</string>
				<string>D42E557E174BCEC70070A864</string>
				<string>D42E5582174BCEC70070A864</string>
				<string>D42E5584174BCEC70070A864</string>
				<string>D42E5586174BCEC70070A864</string>
			</array>
			<key>isa</key>
			<string>PBXGroup</string>
			<key>name</key>
			<string>Supporting Files</string>
			<key>sourceTree</key>
			<string>&lt;group&gt;</string>
		</dict>
		<key>D42E5578174BCEC70070A864</key>
		<dict>
			<key>isa</key>
			<string>PBXFileReference</string>
			<key>lastKnownFileType</key>
			<string>text.plist.xml</string>
			<key>path</key>
			<string>ZheNar-Info.plist</string>
			<key>sourceTree</key>
			<string>&lt;group&gt;</string>
		</dict>
		<key>D42E5579174BCEC70070A864</key>
		<dict>
			<key>children</key>
			<array>
				<string>D42E557A174BCEC70070A864</string>
			</array>
			<key>isa</key>
			<string>PBXVariantGroup</string>
			<key>name</key>
			<string>InfoPlist.strings</string>
			<key>sourceTree</key>
			<string>&lt;group&gt;</string>
		</dict>
		<key>D42E557A174BCEC70070A864</key>
		<dict>
			<key>isa</key>
			<string>PBXFileReference</string>
			<key>lastKnownFileType</key>
			<string>text.plist.strings</string>
			<key>name</key>
			<string>en</string>
			<key>path</key>
			<string>en.lproj/InfoPlist.strings</string>
			<key>sourceTree</key>
			<string>&lt;group&gt;</string>
		</dict>
		<key>D42E557B174BCEC70070A864</key>
		<dict>
			<key>fileRef</key>
			<string>D42E5579174BCEC70070A864</string>
			<key>isa</key>
			<string>PBXBuildFile</string>
		</dict>
		<key>D42E557C174BCEC70070A864</key>
		<dict>
			<key>isa</key>
			<string>PBXFileReference</string>
			<key>lastKnownFileType</key>
			<string>sourcecode.c.objc</string>
			<key>path</key>
			<string>main.m</string>
			<key>sourceTree</key>
			<string>&lt;group&gt;</string>
		</dict>
		<key>D42E557D174BCEC70070A864</key>
		<dict>
			<key>fileRef</key>
			<string>D42E557C174BCEC70070A864</string>
			<key>isa</key>
			<string>PBXBuildFile</string>
		</dict>
		<key>D42E557E174BCEC70070A864</key>
		<dict>
			<key>isa</key>
			<string>PBXFileReference</string>
			<key>lastKnownFileType</key>
			<string>sourcecode.c.h</string>
			<key>path</key>
			<string>ZheNar-Prefix.pch</string>
			<key>sourceTree</key>
			<string>&lt;group&gt;</string>
		</dict>
		<key>D42E557F174BCEC70070A864</key>
		<dict>
			<key>isa</key>
			<string>PBXFileReference</string>
			<key>lastKnownFileType</key>
			<string>sourcecode.c.h</string>
			<key>path</key>
			<string>ZNAppDelegate.h</string>
			<key>sourceTree</key>
			<string>&lt;group&gt;</string>
		</dict>
		<key>D42E5580174BCEC70070A864</key>
		<dict>
			<key>isa</key>
			<string>PBXFileReference</string>
			<key>lastKnownFileType</key>
			<string>sourcecode.c.objc</string>
			<key>path</key>
			<string>ZNAppDelegate.m</string>
			<key>sourceTree</key>
			<string>&lt;group&gt;</string>
		</dict>
		<key>D42E5581174BCEC70070A864</key>
		<dict>
			<key>fileRef</key>
			<string>D42E5580174BCEC70070A864</string>
			<key>isa</key>
			<string>PBXBuildFile</string>
		</dict>
		<key>D42E5582174BCEC70070A864</key>
		<dict>
			<key>isa</key>
			<string>PBXFileReference</string>
			<key>lastKnownFileType</key>
			<string>image.png</string>
			<key>path</key>
			<string>Default.png</string>
			<key>sourceTree</key>
			<string>&lt;group&gt;</string>
		</dict>
		<key>D42E5583174BCEC70070A864</key>
		<dict>
			<key>fileRef</key>
			<string>D42E5582174BCEC70070A864</string>
			<key>isa</key>
			<string>PBXBuildFile</string>
		</dict>
		<key>D42E5584174BCEC70070A864</key>
		<dict>
			<key>isa</key>
			<string>PBXFileReference</string>
			<key>lastKnownFileType</key>
			<string>image.png</string>
			<key>path</key>
			<string>Default@2x.png</string>
			<key>sourceTree</key>
			<string>&lt;group&gt;</string>
		</dict>
		<key>D42E5585174BCEC70070A864</key>
		<dict>
			<key>fileRef</key>
			<string>D42E5584174BCEC70070A864</string>
			<key>isa</key>
			<string>PBXBuildFile</string>
		</dict>
		<key>D42E5586174BCEC70070A864</key>
		<dict>
			<key>isa</key>
			<string>PBXFileReference</string>
			<key>lastKnownFileType</key>
			<string>image.png</string>
			<key>path</key>
			<string>Default-568h@2x.png</string>
			<key>sourceTree</key>
			<string>&lt;group&gt;</string>
		</dict>
		<key>D42E5587174BCEC70070A864</key>
		<dict>
			<key>fileRef</key>
			<string>D42E5586174BCEC70070A864</string>
			<key>isa</key>
			<string>PBXBuildFile</string>
		</dict>
		<key>D42E5588174BCEC70070A864</key>
		<dict>
			<key>children</key>
			<array>
				<string>D42E5589174BCEC70070A864</string>
			</array>
			<key>isa</key>
			<string>PBXVariantGroup</string>
			<key>name</key>
			<string>MainStoryboard_iPhone.storyboard</string>
			<key>sourceTree</key>
			<string>&lt;group&gt;</string>
		</dict>
		<key>D42E5589174BCEC70070A864</key>
		<dict>
			<key>isa</key>
			<string>PBXFileReference</string>
			<key>lastKnownFileType</key>
			<string>file.storyboard</string>
			<key>name</key>
			<string>en</string>
			<key>path</key>
			<string>en.lproj/MainStoryboard_iPhone.storyboard</string>
			<key>sourceTree</key>
			<string>&lt;group&gt;</string>
		</dict>
		<key>D42E558A174BCEC70070A864</key>
		<dict>
			<key>fileRef</key>
			<string>D42E5588174BCEC70070A864</string>
			<key>isa</key>
			<string>PBXBuildFile</string>
		</dict>
		<key>D42E558B174BCEC70070A864</key>
		<dict>
			<key>children</key>
			<array>
				<string>D42E558C174BCEC70070A864</string>
			</array>
			<key>isa</key>
			<string>PBXVariantGroup</string>
			<key>name</key>
			<string>MainStoryboard_iPad.storyboard</string>
			<key>sourceTree</key>
			<string>&lt;group&gt;</string>
		</dict>
		<key>D42E558C174BCEC70070A864</key>
		<dict>
			<key>isa</key>
			<string>PBXFileReference</string>
			<key>lastKnownFileType</key>
			<string>file.storyboard</string>
			<key>name</key>
			<string>en</string>
			<key>path</key>
			<string>en.lproj/MainStoryboard_iPad.storyboard</string>
			<key>sourceTree</key>
			<string>&lt;group&gt;</string>
		</dict>
		<key>D42E558D174BCEC70070A864</key>
		<dict>
			<key>fileRef</key>
			<string>D42E558B174BCEC70070A864</string>
			<key>isa</key>
			<string>PBXBuildFile</string>
		</dict>
		<key>D42E559C174BCEC70070A864</key>
		<dict>
			<key>buildActionMask</key>
			<string>2147483647</string>
			<key>files</key>
			<array>
				<string>D42E55B0174BCEC70070A864</string>
			</array>
			<key>isa</key>
			<string>PBXSourcesBuildPhase</string>
			<key>runOnlyForDeploymentPostprocessing</key>
			<string>0</string>
		</dict>
		<key>D42E559D174BCEC70070A864</key>
		<dict>
			<key>buildActionMask</key>
			<string>2147483647</string>
			<key>files</key>
			<array>
				<string>D42E55A3174BCEC70070A864</string>
				<string>D42E55A4174BCEC70070A864</string>
				<string>D42E55A5174BCEC70070A864</string>
			</array>
			<key>isa</key>
			<string>PBXFrameworksBuildPhase</string>
			<key>runOnlyForDeploymentPostprocessing</key>
			<string>0</string>
		</dict>
		<key>D42E559E174BCEC70070A864</key>
		<dict>
			<key>buildActionMask</key>
			<string>2147483647</string>
			<key>files</key>
			<array>
				<string>D42E55AD174BCEC70070A864</string>
			</array>
			<key>isa</key>
			<string>PBXResourcesBuildPhase</string>
			<key>runOnlyForDeploymentPostprocessing</key>
			<string>0</string>
		</dict>
		<key>D42E559F174BCEC70070A864</key>
		<dict>
			<key>buildActionMask</key>
			<string>2147483647</string>
			<key>files</key>
			<array/>
			<key>inputPaths</key>
			<array/>
			<key>isa</key>
			<string>PBXShellScriptBuildPhase</string>
			<key>outputPaths</key>
			<array/>
			<key>runOnlyForDeploymentPostprocessing</key>
			<string>0</string>
			<key>shellPath</key>
			<string>/bin/sh</string>
			<key>shellScript</key>
			<string># Run the unit tests in this test bundle.
"${SYSTEM_DEVELOPER_DIR}/Tools/RunUnitTests"
</string>
		</dict>
		<key>D42E55A0174BCEC70070A864</key>
		<dict>
			<key>buildConfigurationList</key>
			<string>D42E55B6174BCEC70070A864</string>
			<key>buildPhases</key>
			<array>
				<string>D42E559C174BCEC70070A864</string>
				<string>D42E559D174BCEC70070A864</string>
				<string>D42E559E174BCEC70070A864</string>
				<string>D42E559F174BCEC70070A864</string>
			</array>
			<key>buildRules</key>
			<array/>
			<key>dependencies</key>
			<array>
				<string>D42E55A7174BCEC70070A864</string>
			</array>
			<key>isa</key>
			<string>PBXNativeTarget</string>
			<key>name</key>
			<string>ZheNarTests</string>
			<key>productName</key>
			<string>ZheNarTests</string>
			<key>productReference</key>
			<string>D42E55A1174BCEC70070A864</string>
			<key>productType</key>
			<string>com.apple.product-type.bundle</string>
		</dict>
		<key>D42E55A1174BCEC70070A864</key>
		<dict>
			<key>explicitFileType</key>
			<string>wrapper.cfbundle</string>
			<key>includeInIndex</key>
			<string>0</string>
			<key>isa</key>
			<string>PBXFileReference</string>
			<key>path</key>
			<string>ZheNarTests.octest</string>
			<key>sourceTree</key>
			<string>BUILT_PRODUCTS_DIR</string>
		</dict>
		<key>D42E55A2174BCEC70070A864</key>
		<dict>
			<key>isa</key>
			<string>PBXFileReference</string>
			<key>lastKnownFileType</key>
			<string>wrapper.framework</string>
			<key>name</key>
			<string>SenTestingKit.framework</string>
			<key>path</key>
			<string>Library/Frameworks/SenTestingKit.framework</string>
			<key>sourceTree</key>
			<string>DEVELOPER_DIR</string>
		</dict>
		<key>D42E55A3174BCEC70070A864</key>
		<dict>
			<key>fileRef</key>
			<string>D42E55A2174BCEC70070A864</string>
			<key>isa</key>
			<string>PBXBuildFile</string>
		</dict>
		<key>D42E55A4174BCEC70070A864</key>
		<dict>
			<key>fileRef</key>
			<string>D42E5570174BCEC70070A864</string>
			<key>isa</key>
			<string>PBXBuildFile</string>
		</dict>
		<key>D42E55A5174BCEC70070A864</key>
		<dict>
			<key>fileRef</key>
			<string>D42E5572174BCEC70070A864</string>
			<key>isa</key>
			<string>PBXBuildFile</string>
		</dict>
		<key>D42E55A6174BCEC70070A864</key>
		<dict>
			<key>containerPortal</key>
			<string>D42E5565174BCEC70070A864</string>
			<key>isa</key>
			<string>PBXContainerItemProxy</string>
			<key>proxyType</key>
			<string>1</string>
			<key>remoteGlobalIDString</key>
			<string>D42E556C174BCEC70070A864</string>
			<key>remoteInfo</key>
			<string>ZheNar</string>
		</dict>
		<key>D42E55A7174BCEC70070A864</key>
		<dict>
			<key>isa</key>
			<string>PBXTargetDependency</string>
			<key>target</key>
			<string>D42E556C174BCEC70070A864</string>
			<key>targetProxy</key>
			<string>D42E55A6174BCEC70070A864</string>
		</dict>
		<key>D42E55A8174BCEC70070A864</key>
		<dict>
			<key>children</key>
			<array>
				<string>D42E55AE174BCEC70070A864</string>
				<string>D42E55AF174BCEC70070A864</string>
				<string>D42E55A9174BCEC70070A864</string>
			</array>
			<key>isa</key>
			<string>PBXGroup</string>
			<key>path</key>
			<string>ZheNarTests</string>
			<key>sourceTree</key>
			<string>&lt;group&gt;</string>
		</dict>
		<key>D42E55A9174BCEC70070A864</key>
		<dict>
			<key>children</key>
			<array>
				<string>D42E55AA174BCEC70070A864</string>
				<string>D42E55AB174BCEC70070A864</string>
			</array>
			<key>isa</key>
			<string>PBXGroup</string>
			<key>name</key>
			<string>Supporting Files</string>
			<key>sourceTree</key>
			<string>&lt;group&gt;</string>
		</dict>
		<key>D42E55AA174BCEC70070A864</key>
		<dict>
			<key>isa</key>
			<string>PBXFileReference</string>
			<key>lastKnownFileType</key>
			<string>text.plist.xml</string>
			<key>path</key>
			<string>ZheNarTests-Info.plist</string>
			<key>sourceTree</key>
			<string>&lt;group&gt;</string>
		</dict>
		<key>D42E55AB174BCEC70070A864</key>
		<dict>
			<key>children</key>
			<array>
				<string>D42E55AC174BCEC70070A864</string>
			</array>
			<key>isa</key>
			<string>PBXVariantGroup</string>
			<key>name</key>
			<string>InfoPlist.strings</string>
			<key>sourceTree</key>
			<string>&lt;group&gt;</string>
		</dict>
		<key>D42E55AC174BCEC70070A864</key>
		<dict>
			<key>isa</key>
			<string>PBXFileReference</string>
			<key>lastKnownFileType</key>
			<string>text.plist.strings</string>
			<key>name</key>
			<string>en</string>
			<key>path</key>
			<string>en.lproj/InfoPlist.strings</string>
			<key>sourceTree</key>
			<string>&lt;group&gt;</string>
		</dict>
		<key>D42E55AD174BCEC70070A864</key>
		<dict>
			<key>fileRef</key>
			<string>D42E55AB174BCEC70070A864</string>
			<key>isa</key>
			<string>PBXBuildFile</string>
		</dict>
		<key>D42E55AE174BCEC70070A864</key>
		<dict>
			<key>isa</key>
			<string>PBXFileReference</string>
			<key>lastKnownFileType</key>
			<string>sourcecode.c.h</string>
			<key>path</key>
			<string>ZheNarTests.h</string>
			<key>sourceTree</key>
			<string>&lt;group&gt;</string>
		</dict>
		<key>D42E55AF174BCEC70070A864</key>
		<dict>
			<key>isa</key>
			<string>PBXFileReference</string>
			<key>lastKnownFileType</key>
			<string>sourcecode.c.objc</string>
			<key>path</key>
			<string>ZheNarTests.m</string>
			<key>sourceTree</key>
			<string>&lt;group&gt;</string>
		</dict>
		<key>D42E55B0174BCEC70070A864</key>
		<dict>
			<key>fileRef</key>
			<string>D42E55AF174BCEC70070A864</string>
			<key>isa</key>
			<string>PBXBuildFile</string>
		</dict>
		<key>D42E55B1174BCEC70070A864</key>
		<dict>
			<key>buildSettings</key>
			<dict>
				<key>ALWAYS_SEARCH_USER_PATHS</key>
				<string>NO</string>
				<key>CLANG_CXX_LANGUAGE_STANDARD</key>
				<string>gnu++0x</string>
				<key>CLANG_CXX_LIBRARY</key>
				<string>libc++</string>
				<key>CLANG_ENABLE_OBJC_ARC</key>
				<string>YES</string>
				<key>CLANG_WARN_CONSTANT_CONVERSION</key>
				<string>YES</string>
				<key>CLANG_WARN_EMPTY_BODY</key>
				<string>YES</string>
				<key>CLANG_WARN_ENUM_CONVERSION</key>
				<string>YES</string>
				<key>CLANG_WARN_INT_CONVERSION</key>
				<string>YES</string>
				<key>CLANG_WARN__DUPLICATE_METHOD_MATCH</key>
				<string>YES</string>
				<key>CODE_SIGN_IDENTITY</key>
				<string>iPhone Distribution</string>
				<key>COPY_PHASE_STRIP</key>
				<string>NO</string>
				<key>GCC_C_LANGUAGE_STANDARD</key>
				<string>gnu99</string>
				<key>GCC_DYNAMIC_NO_PIC</key>
				<string>NO</string>
				<key>GCC_OPTIMIZATION_LEVEL</key>
				<string>0</string>
				<key>GCC_PREPROCESSOR_DEFINITIONS</key>
				<array>
					<string>DEBUG=1</string>
					<string>$(inherited)</string>
				</array>
				<key>GCC_SYMBOLS_PRIVATE_EXTERN</key>
				<string>NO</string>
				<key>GCC_WARN_ABOUT_RETURN_TYPE</key>
				<string>YES</string>
				<key>GCC_WARN_UNINITIALIZED_AUTOS</key>
				<string>YES</string>
				<key>GCC_WARN_UNUSED_VARIABLE</key>
				<string>YES</string>
				<key>IPHONEOS_DEPLOYMENT_TARGET</key>
				<string>6.1</string>
				<key>ONLY_ACTIVE_ARCH</key>
				<string>YES</string>
				<key>PROVISIONING_PROFILE</key>
				<string></string>
				<key>SDKROOT</key>
				<string>iphoneos</string>
				<key>TARGETED_DEVICE_FAMILY</key>
				<string>1,2</string>
			</dict>
			<key>isa</key>
			<string>XCBuildConfiguration</string>
			<key>name</key>
			<string>Debug</string>
		</dict>
		<key>D42E55B2174BCEC70070A864</key>
		<dict>
			<key>buildSettings</key>
			<dict>
				<key>ALWAYS_SEARCH_USER_PATHS</key>
				<string>NO</string>
				<key>CLANG_CXX_LANGUAGE_STANDARD</key>
				<string>gnu++0x</string>
				<key>CLANG_CXX_LIBRARY</key>
				<string>libc++</string>
				<key>CLANG_ENABLE_OBJC_ARC</key>
				<string>YES</string>
				<key>CLANG_WARN_CONSTANT_CONVERSION</key>
				<string>YES</string>
				<key>CLANG_WARN_EMPTY_BODY</key>
				<string>YES</string>
				<key>CLANG_WARN_ENUM_CONVERSION</key>
				<string>YES</string>
				<key>CLANG_WARN_INT_CONVERSION</key>
				<string>YES</string>
				<key>CLANG_WARN__DUPLICATE_METHOD_MATCH</key>
				<string>YES</string>
				<key>CODE_SIGN_IDENTITY</key>
				<string>iPhone Distribution</string>
				<key>COPY_PHASE_STRIP</key>
				<string>YES</string>
				<key>GCC_C_LANGUAGE_STANDARD</key>
				<string>gnu99</string>
				<key>GCC_WARN_ABOUT_RETURN_TYPE</key>
				<string>YES</string>
				<key>GCC_WARN_UNINITIALIZED_AUTOS</key>
				<string>YES</string>
				<key>GCC_WARN_UNUSED_VARIABLE</key>
				<string>YES</string>
				<key>IPHONEOS_DEPLOYMENT_TARGET</key>
				<string>6.1</string>
				<key>OTHER_CFLAGS</key>
				<string>-DNS_BLOCK_ASSERTIONS=1</string>
				<key>PROVISIONING_PROFILE</key>
				<string></string>
				<key>SDKROOT</key>
				<string>iphoneos</string>
				<key>TARGETED_DEVICE_FAMILY</key>
				<string>1,2</string>
				<key>VALIDATE_PRODUCT</key>
				<string>YES</string>
			</dict>
			<key>isa</key>
			<string>XCBuildConfiguration</string>
			<key>name</key>
			<string>Release</string>
		</dict>
		<key>D42E55B3174BCEC70070A864</key>
		<dict>
			<key>buildConfigurations</key>
			<array>
				<string>D42E55B4174BCEC70070A864</string>
				<string>D42E55B5174BCEC70070A864</string>
			</array>
			<key>defaultConfigurationIsVisible</key>
			<string>0</string>
			<key>defaultConfigurationName</key>
			<string>Release</string>
			<key>isa</key>
			<string>XCConfigurationList</string>
		</dict>
		<key>D42E55B4174BCEC70070A864</key>
		<dict>
			<key>baseConfigurationReference</key>
			<string>D5DC557F780C4DB1AB7F84BD</string>
			<key>buildSettings</key>
			<dict>
				<key>GCC_PRECOMPILE_PREFIX_HEADER</key>
				<string>YES</string>
				<key>GCC_PREFIX_HEADER</key>
				<string>ZheNar/ZheNar-Prefix.pch</string>
				<key>INFOPLIST_FILE</key>
				<string>ZheNar/ZheNar-Info.plist</string>
				<key>PRODUCT_NAME</key>
				<string>$(TARGET_NAME)</string>
				<key>WRAPPER_EXTENSION</key>
				<string>app</string>
			</dict>
			<key>isa</key>
			<string>XCBuildConfiguration</string>
			<key>name</key>
			<string>Debug</string>
		</dict>
		<key>D42E55B5174BCEC70070A864</key>
		<dict>
			<key>baseConfigurationReference</key>
			<string>D5DC557F780C4DB1AB7F84BD</string>
			<key>buildSettings</key>
			<dict>
				<key>GCC_PRECOMPILE_PREFIX_HEADER</key>
				<string>YES</string>
				<key>GCC_PREFIX_HEADER</key>
				<string>ZheNar/ZheNar-Prefix.pch</string>
				<key>INFOPLIST_FILE</key>
				<string>ZheNar/ZheNar-Info.plist</string>
				<key>PRODUCT_NAME</key>
				<string>$(TARGET_NAME)</string>
				<key>WRAPPER_EXTENSION</key>
				<string>app</string>
			</dict>
			<key>isa</key>
			<string>XCBuildConfiguration</string>
			<key>name</key>
			<string>Release</string>
		</dict>
		<key>D42E55B6174BCEC70070A864</key>
		<dict>
			<key>buildConfigurations</key>
			<array>
				<string>D42E55B7174BCEC70070A864</string>
				<string>D42E55B8174BCEC70070A864</string>
			</array>
			<key>defaultConfigurationIsVisible</key>
			<string>0</string>
			<key>defaultConfigurationName</key>
			<string>Release</string>
			<key>isa</key>
			<string>XCConfigurationList</string>
		</dict>
		<key>D42E55B7174BCEC70070A864</key>
		<dict>
			<key>buildSettings</key>
			<dict>
				<key>BUNDLE_LOADER</key>
				<string>$(BUILT_PRODUCTS_DIR)/ZheNar.app/ZheNar</string>
				<key>FRAMEWORK_SEARCH_PATHS</key>
				<array>
					<string>"$(SDKROOT)/Developer/Library/Frameworks"</string>
					<string>"$(DEVELOPER_LIBRARY_DIR)/Frameworks"</string>
				</array>
				<key>GCC_PRECOMPILE_PREFIX_HEADER</key>
				<string>YES</string>
				<key>GCC_PREFIX_HEADER</key>
				<string>ZheNar/ZheNar-Prefix.pch</string>
				<key>INFOPLIST_FILE</key>
				<string>ZheNarTests/ZheNarTests-Info.plist</string>
				<key>PRODUCT_NAME</key>
				<string>$(TARGET_NAME)</string>
				<key>TEST_HOST</key>
				<string>$(BUNDLE_LOADER)</string>
				<key>WRAPPER_EXTENSION</key>
				<string>octest</string>
			</dict>
			<key>isa</key>
			<string>XCBuildConfiguration</string>
			<key>name</key>
			<string>Debug</string>
		</dict>
		<key>D42E55B8174BCEC70070A864</key>
		<dict>
			<key>buildSettings</key>
			<dict>
				<key>BUNDLE_LOADER</key>
				<string>$(BUILT_PRODUCTS_DIR)/ZheNar.app/ZheNar</string>
				<key>FRAMEWORK_SEARCH_PATHS</key>
				<array>
					<string>"$(SDKROOT)/Developer/Library/Frameworks"</string>
					<string>"$(DEVELOPER_LIBRARY_DIR)/Frameworks"</string>
				</array>
				<key>GCC_PRECOMPILE_PREFIX_HEADER</key>
				<string>YES</string>
				<key>GCC_PREFIX_HEADER</key>
				<string>ZheNar/ZheNar-Prefix.pch</string>
				<key>INFOPLIST_FILE</key>
				<string>ZheNarTests/ZheNarTests-Info.plist</string>
				<key>PRODUCT_NAME</key>
				<string>$(TARGET_NAME)</string>
				<key>TEST_HOST</key>
				<string>$(BUNDLE_LOADER)</string>
				<key>WRAPPER_EXTENSION</key>
				<string>octest</string>
			</dict>
			<key>isa</key>
			<string>XCBuildConfiguration</string>
			<key>name</key>
			<string>Release</string>
		</dict>
		<key>D456554817670ACC004BE2D6</key>
		<dict>
			<key>fileEncoding</key>
			<string>4</string>
			<key>isa</key>
			<string>PBXFileReference</string>
			<key>lastKnownFileType</key>
			<string>sourcecode.c.h</string>
			<key>path</key>
			<string>ZNLatestEventsViewController.h</string>
			<key>sourceTree</key>
			<string>&lt;group&gt;</string>
		</dict>
		<key>D456554917670ACC004BE2D6</key>
		<dict>
			<key>fileEncoding</key>
			<string>4</string>
			<key>isa</key>
			<string>PBXFileReference</string>
			<key>lastKnownFileType</key>
			<string>sourcecode.c.objc</string>
			<key>path</key>
			<string>ZNLatestEventsViewController.m</string>
			<key>sourceTree</key>
			<string>&lt;group&gt;</string>
		</dict>
		<key>D456554A17670ACC004BE2D6</key>
		<dict>
			<key>fileRef</key>
			<string>D456554917670ACC004BE2D6</string>
			<key>isa</key>
			<string>PBXBuildFile</string>
		</dict>
		<key>D476F678174DF5C0000A3ADD</key>
		<dict>
			<key>fileEncoding</key>
			<string>4</string>
			<key>isa</key>
			<string>PBXFileReference</string>
			<key>lastKnownFileType</key>
			<string>sourcecode.c.h</string>
			<key>path</key>
			<string>ZNPlace.h</string>
			<key>sourceTree</key>
			<string>&lt;group&gt;</string>
		</dict>
		<key>D476F679174DF5C0000A3ADD</key>
		<dict>
			<key>fileEncoding</key>
			<string>4</string>
			<key>isa</key>
			<string>PBXFileReference</string>
			<key>lastKnownFileType</key>
			<string>sourcecode.c.objc</string>
			<key>path</key>
			<string>ZNPlace.m</string>
			<key>sourceTree</key>
			<string>&lt;group&gt;</string>
		</dict>
		<key>D476F67A174DF5C0000A3ADD</key>
		<dict>
			<key>fileRef</key>
			<string>D476F679174DF5C0000A3ADD</string>
			<key>isa</key>
			<string>PBXBuildFile</string>
		</dict>
		<key>D476F67B174DFB4F000A3ADD</key>
		<dict>
			<key>fileEncoding</key>
			<string>4</string>
			<key>isa</key>
			<string>PBXFileReference</string>
			<key>lastKnownFileType</key>
			<string>sourcecode.c.h</string>
			<key>path</key>
			<string>ZNEvent.h</string>
			<key>sourceTree</key>
			<string>&lt;group&gt;</string>
		</dict>
		<key>D476F67C174DFB4F000A3ADD</key>
		<dict>
			<key>fileEncoding</key>
			<string>4</string>
			<key>isa</key>
			<string>PBXFileReference</string>
			<key>lastKnownFileType</key>
			<string>sourcecode.c.objc</string>
			<key>path</key>
			<string>ZNEvent.m</string>
			<key>sourceTree</key>
			<string>&lt;group&gt;</string>
		</dict>
		<key>D476F67D174DFB4F000A3ADD</key>
		<dict>
			<key>fileRef</key>
			<string>D476F67C174DFB4F000A3ADD</string>
			<key>isa</key>
			<string>PBXBuildFile</string>
		</dict>
		<key>D476F67E174E06D7000A3ADD</key>
		<dict>
			<key>fileEncoding</key>
			<string>4</string>
			<key>isa</key>
			<string>PBXFileReference</string>
			<key>lastKnownFileType</key>
			<string>sourcecode.c.h</string>
			<key>path</key>
			<string>ZNPlaceType.h</string>
			<key>sourceTree</key>
			<string>&lt;group&gt;</string>
		</dict>
		<key>D476F67F174E06D7000A3ADD</key>
		<dict>
			<key>fileEncoding</key>
			<string>4</string>
			<key>isa</key>
			<string>PBXFileReference</string>
			<key>lastKnownFileType</key>
			<string>sourcecode.c.objc</string>
			<key>path</key>
			<string>ZNPlaceType.m</string>
			<key>sourceTree</key>
			<string>&lt;group&gt;</string>
		</dict>
		<key>D476F680174E06D7000A3ADD</key>
		<dict>
			<key>fileRef</key>
			<string>D476F67F174E06D7000A3ADD</string>
			<key>isa</key>
			<string>PBXBuildFile</string>
		</dict>
		<key>D476F681174E0828000A3ADD</key>
		<dict>
			<key>fileEncoding</key>
			<string>4</string>
			<key>isa</key>
			<string>PBXFileReference</string>
			<key>lastKnownFileType</key>
			<string>sourcecode.c.h</string>
			<key>path</key>
			<string>ZNEventType.h</string>
			<key>sourceTree</key>
			<string>&lt;group&gt;</string>
		</dict>
		<key>D476F682174E0828000A3ADD</key>
		<dict>
			<key>fileEncoding</key>
			<string>4</string>
			<key>isa</key>
			<string>PBXFileReference</string>
			<key>lastKnownFileType</key>
			<string>sourcecode.c.objc</string>
			<key>path</key>
			<string>ZNEventType.m</string>
			<key>sourceTree</key>
			<string>&lt;group&gt;</string>
		</dict>
		<key>D476F683174E0828000A3ADD</key>
		<dict>
			<key>fileRef</key>
			<string>D476F682174E0828000A3ADD</string>
			<key>isa</key>
			<string>PBXBuildFile</string>
		</dict>
		<key>D476F684174E30E6000A3ADD</key>
		<dict>
			<key>isa</key>
			<string>PBXFileReference</string>
			<key>lastKnownFileType</key>
			<string>wrapper.framework</string>
			<key>name</key>
			<string>MapKit.framework</string>
			<key>path</key>
			<string>System/Library/Frameworks/MapKit.framework</string>
			<key>sourceTree</key>
			<string>SDKROOT</string>
		</dict>
		<key>D476F685174E30E6000A3ADD</key>
		<dict>
			<key>fileRef</key>
			<string>D476F684174E30E6000A3ADD</string>
			<key>isa</key>
			<string>PBXBuildFile</string>
		</dict>
		<key>D4968BB417642A6B009AB804</key>
		<dict>
			<key>fileEncoding</key>
			<string>4</string>
			<key>isa</key>
			<string>PBXFileReference</string>
			<key>lastKnownFileType</key>
			<string>sourcecode.c.h</string>
			<key>path</key>
			<string>ZNEventDetailViewController.h</string>
			<key>sourceTree</key>
			<string>&lt;group&gt;</string>
		</dict>
		<key>D4968BB517642A6B009AB804</key>
		<dict>
			<key>fileEncoding</key>
			<string>4</string>
			<key>isa</key>
			<string>PBXFileReference</string>
			<key>lastKnownFileType</key>
			<string>sourcecode.c.objc</string>
			<key>path</key>
			<string>ZNEventDetailViewController.m</string>
			<key>sourceTree</key>
			<string>&lt;group&gt;</string>
		</dict>
		<key>D4968BB617642A6B009AB804</key>
		<dict>
			<key>fileRef</key>
			<string>D4968BB517642A6B009AB804</string>
			<key>isa</key>
			<string>PBXBuildFile</string>
		</dict>
		<key>D4968BB717642AD2009AB804</key>
		<dict>
			<key>fileEncoding</key>
			<string>4</string>
			<key>isa</key>
			<string>PBXFileReference</string>
			<key>lastKnownFileType</key>
			<string>sourcecode.c.h</string>
			<key>path</key>
			<string>ZNEventsViewController.h</string>
			<key>sourceTree</key>
			<string>&lt;group&gt;</string>
		</dict>
		<key>D4968BB817642AD2009AB804</key>
		<dict>
			<key>fileEncoding</key>
			<string>4</string>
			<key>isa</key>
			<string>PBXFileReference</string>
			<key>lastKnownFileType</key>
			<string>sourcecode.c.objc</string>
			<key>path</key>
			<string>ZNEventsViewController.m</string>
			<key>sourceTree</key>
			<string>&lt;group&gt;</string>
		</dict>
		<key>D4968BB917642AD2009AB804</key>
		<dict>
			<key>fileRef</key>
			<string>D4968BB817642AD2009AB804</string>
			<key>isa</key>
			<string>PBXBuildFile</string>
		</dict>
		<key>D4968BBA17646714009AB804</key>
		<dict>
			<key>fileEncoding</key>
			<string>4</string>
			<key>isa</key>
			<string>PBXFileReference</string>
			<key>lastKnownFileType</key>
			<string>sourcecode.c.h</string>
			<key>path</key>
			<string>ZNMapViewController.h</string>
			<key>sourceTree</key>
			<string>&lt;group&gt;</string>
		</dict>
		<key>D4968BBB17646714009AB804</key>
		<dict>
			<key>fileEncoding</key>
			<string>4</string>
			<key>isa</key>
			<string>PBXFileReference</string>
			<key>lastKnownFileType</key>
			<string>sourcecode.c.objc</string>
			<key>path</key>
			<string>ZNMapViewController.m</string>
			<key>sourceTree</key>
			<string>&lt;group&gt;</string>
		</dict>
		<key>D4968BBC17646714009AB804</key>
		<dict>
			<key>fileRef</key>
			<string>D4968BBB17646714009AB804</string>
			<key>isa</key>
			<string>PBXBuildFile</string>
		</dict>
		<key>D4968BBD17646722009AB804</key>
		<dict>
			<key>fileEncoding</key>
			<string>4</string>
			<key>isa</key>
			<string>PBXFileReference</string>
			<key>lastKnownFileType</key>
			<string>sourcecode.c.h</string>
			<key>path</key>
			<string>ZNPlaceViewController.h</string>
			<key>sourceTree</key>
			<string>&lt;group&gt;</string>
		</dict>
		<key>D4968BBE17646722009AB804</key>
		<dict>
			<key>fileEncoding</key>
			<string>4</string>
			<key>isa</key>
			<string>PBXFileReference</string>
			<key>lastKnownFileType</key>
			<string>sourcecode.c.objc</string>
			<key>path</key>
			<string>ZNPlaceViewController.m</string>
			<key>sourceTree</key>
			<string>&lt;group&gt;</string>
		</dict>
		<key>D4968BBF17646722009AB804</key>
		<dict>
			<key>fileRef</key>
			<string>D4968BBE17646722009AB804</string>
			<key>isa</key>
			<string>PBXBuildFile</string>
		</dict>
		<key>D4C4E0DE175865E20003516C</key>
		<dict>
			<key>fileEncoding</key>
			<string>4</string>
			<key>isa</key>
			<string>PBXFileReference</string>
			<key>lastKnownFileType</key>
			<string>sourcecode.c.h</string>
			<key>path</key>
			<string>ZNUser.h</string>
			<key>sourceTree</key>
			<string>&lt;group&gt;</string>
		</dict>
		<key>D4C4E0DF175865E20003516C</key>
		<dict>
			<key>fileEncoding</key>
			<string>4</string>
			<key>isa</key>
			<string>PBXFileReference</string>
			<key>lastKnownFileType</key>
			<string>sourcecode.c.objc</string>
			<key>path</key>
			<string>ZNUser.m</string>
			<key>sourceTree</key>
			<string>&lt;group&gt;</string>
		</dict>
		<key>D4C4E0E0175865E20003516C</key>
		<dict>
			<key>fileRef</key>
			<string>D4C4E0DF175865E20003516C</string>
			<key>isa</key>
			<string>PBXBuildFile</string>
		</dict>
		<key>D5DC557F780C4DB1AB7F84BD</key>
		<dict>
			<key>includeInIndex</key>
			<string>1</string>
			<key>isa</key>
			<string>PBXFileReference</string>
			<key>lastKnownFileType</key>
			<string>text.xcconfig</string>
			<key>name</key>
			<string>Pods.xcconfig</string>
			<key>path</key>
			<string>Pods/Pods.xcconfig</string>
			<key>sourceTree</key>
			<string>SOURCE_ROOT</string>
		</dict>
		<key>E573213D493340B9A803E862</key>
		<dict>
			<key>explicitFileType</key>
			<string>archive.ar</string>
			<key>includeInIndex</key>
			<string>0</string>
			<key>isa</key>
			<string>PBXFileReference</string>
			<key>name</key>
			<string>libPods.a</string>
			<key>path</key>
			<string>libPods.a</string>
			<key>sourceTree</key>
			<string>BUILT_PRODUCTS_DIR</string>
		</dict>
		<key>F0EA8E8801A34C268DAE65FC</key>
		<dict>
			<key>buildActionMask</key>
			<string>2147483647</string>
			<key>files</key>
			<array/>
			<key>inputPaths</key>
			<array/>
			<key>isa</key>
			<string>PBXShellScriptBuildPhase</string>
			<key>name</key>
			<string>Check Pods Manifest.lock</string>
			<key>outputPaths</key>
			<array/>
			<key>runOnlyForDeploymentPostprocessing</key>
			<string>0</string>
			<key>shellPath</key>
			<string>/bin/sh</string>
			<key>shellScript</key>
			<string>diff "${PODS_ROOT}/../Podfile.lock" "${PODS_ROOT}/Manifest.lock" &gt; /dev/null
if [[ $? != 0 ]] ; then
    cat &lt;&lt; EOM
error: The sandbox is not in sync with the Podfile.lock. Run 'pod install' or update your CocoaPods installation.
EOM
    exit 1
fi
</string>
			<key>showEnvVarsInLog</key>
			<string>1</string>
		</dict>
	</dict>
	<key>rootObject</key>
	<string>D42E5565174BCEC70070A864</string>
</dict>
</plist>
