// !$*UTF8*$!
{
	archiveVersion = 1;
	classes = {
	};
	objectVersion = 46;
	objects = {

/* Begin PBXBuildFile section */
		1A3CBAFD174C7DD50012A9FF /* 07-map-marker.png in Resources */ = {isa = PBXBuildFile; fileRef = 1A3CBAF7174C7DD50012A9FF /* 07-map-marker.png */; };
		1A3CBAFE174C7DD50012A9FF /* 07-map-marker@2x.png in Resources */ = {isa = PBXBuildFile; fileRef = 1A3CBAF8174C7DD50012A9FF /* 07-map-marker@2x.png */; };
		1A3CBAFF174C7DD50012A9FF /* 83-calendar.png in Resources */ = {isa = PBXBuildFile; fileRef = 1A3CBAF9174C7DD50012A9FF /* 83-calendar.png */; };
		1A3CBB00174C7DD50012A9FF /* 83-calendar@2x.png in Resources */ = {isa = PBXBuildFile; fileRef = 1A3CBAFA174C7DD50012A9FF /* 83-calendar@2x.png */; };
		1A3CBB01174C7DD50012A9FF /* 103-map.png in Resources */ = {isa = PBXBuildFile; fileRef = 1A3CBAFB174C7DD50012A9FF /* 103-map.png */; };
		1A3CBB02174C7DD50012A9FF /* 103-map@2x.png in Resources */ = {isa = PBXBuildFile; fileRef = 1A3CBAFC174C7DD50012A9FF /* 103-map@2x.png */; };
		B5F418AA056046E3B9AD30C4 /* libPods.a in Frameworks */ = {isa = PBXBuildFile; fileRef = E573213D493340B9A803E862 /* libPods.a */; };
		D42E5571174BCEC70070A864 /* UIKit.framework in Frameworks */ = {isa = PBXBuildFile; fileRef = D42E5570174BCEC70070A864 /* UIKit.framework */; };
		D42E5573174BCEC70070A864 /* Foundation.framework in Frameworks */ = {isa = PBXBuildFile; fileRef = D42E5572174BCEC70070A864 /* Foundation.framework */; };
		D42E5575174BCEC70070A864 /* CoreGraphics.framework in Frameworks */ = {isa = PBXBuildFile; fileRef = D42E5574174BCEC70070A864 /* CoreGraphics.framework */; };
		D42E557B174BCEC70070A864 /* InfoPlist.strings in Resources */ = {isa = PBXBuildFile; fileRef = D42E5579174BCEC70070A864 /* InfoPlist.strings */; };
		D42E557D174BCEC70070A864 /* main.m in Sources */ = {isa = PBXBuildFile; fileRef = D42E557C174BCEC70070A864 /* main.m */; };
		D42E5581174BCEC70070A864 /* ZNAppDelegate.m in Sources */ = {isa = PBXBuildFile; fileRef = D42E5580174BCEC70070A864 /* ZNAppDelegate.m */; };
		D42E5583174BCEC70070A864 /* Default.png in Resources */ = {isa = PBXBuildFile; fileRef = D42E5582174BCEC70070A864 /* Default.png */; };
		D42E5585174BCEC70070A864 /* Default@2x.png in Resources */ = {isa = PBXBuildFile; fileRef = D42E5584174BCEC70070A864 /* Default@2x.png */; };
		D42E5587174BCEC70070A864 /* Default-568h@2x.png in Resources */ = {isa = PBXBuildFile; fileRef = D42E5586174BCEC70070A864 /* Default-568h@2x.png */; };
		D42E558A174BCEC70070A864 /* MainStoryboard_iPhone.storyboard in Resources */ = {isa = PBXBuildFile; fileRef = D42E5588174BCEC70070A864 /* MainStoryboard_iPhone.storyboard */; };
		D42E558D174BCEC70070A864 /* MainStoryboard_iPad.storyboard in Resources */ = {isa = PBXBuildFile; fileRef = D42E558B174BCEC70070A864 /* MainStoryboard_iPad.storyboard */; };
		D42E55A3174BCEC70070A864 /* SenTestingKit.framework in Frameworks */ = {isa = PBXBuildFile; fileRef = D42E55A2174BCEC70070A864 /* SenTestingKit.framework */; };
		D42E55A4174BCEC70070A864 /* UIKit.framework in Frameworks */ = {isa = PBXBuildFile; fileRef = D42E5570174BCEC70070A864 /* UIKit.framework */; };
		D42E55A5174BCEC70070A864 /* Foundation.framework in Frameworks */ = {isa = PBXBuildFile; fileRef = D42E5572174BCEC70070A864 /* Foundation.framework */; };
		D42E55AD174BCEC70070A864 /* InfoPlist.strings in Resources */ = {isa = PBXBuildFile; fileRef = D42E55AB174BCEC70070A864 /* InfoPlist.strings */; };
		D42E55B0174BCEC70070A864 /* ZheNarTests.m in Sources */ = {isa = PBXBuildFile; fileRef = D42E55AF174BCEC70070A864 /* ZheNarTests.m */; };
		D456554A17670ACC004BE2D6 /* ZNLatestEventsViewController.m in Sources */ = {isa = PBXBuildFile; fileRef = D456554917670ACC004BE2D6 /* ZNLatestEventsViewController.m */; };
		D45BC1CC1771CCFC003C6168 /* ZNNetwork.m in Sources */ = {isa = PBXBuildFile; fileRef = D45BC1CB1771CCFC003C6168 /* ZNNetwork.m */; };
		D476F67A174DF5C0000A3ADD /* ZNPlace.m in Sources */ = {isa = PBXBuildFile; fileRef = D476F679174DF5C0000A3ADD /* ZNPlace.m */; };
		D476F67D174DFB4F000A3ADD /* ZNEvent.m in Sources */ = {isa = PBXBuildFile; fileRef = D476F67C174DFB4F000A3ADD /* ZNEvent.m */; };
		D476F680174E06D7000A3ADD /* ZNPlaceType.m in Sources */ = {isa = PBXBuildFile; fileRef = D476F67F174E06D7000A3ADD /* ZNPlaceType.m */; };
		D476F683174E0828000A3ADD /* ZNEventType.m in Sources */ = {isa = PBXBuildFile; fileRef = D476F682174E0828000A3ADD /* ZNEventType.m */; };
		D476F685174E30E6000A3ADD /* MapKit.framework in Frameworks */ = {isa = PBXBuildFile; fileRef = D476F684174E30E6000A3ADD /* MapKit.framework */; };
		D4968BB617642A6B009AB804 /* ZNEventDetailViewController.m in Sources */ = {isa = PBXBuildFile; fileRef = D4968BB517642A6B009AB804 /* ZNEventDetailViewController.m */; };
		D4968BB917642AD2009AB804 /* ZNEventsViewController.m in Sources */ = {isa = PBXBuildFile; fileRef = D4968BB817642AD2009AB804 /* ZNEventsViewController.m */; };
		D4968BBC17646714009AB804 /* ZNMapViewController.m in Sources */ = {isa = PBXBuildFile; fileRef = D4968BBB17646714009AB804 /* ZNMapViewController.m */; };
		D4968BBF17646722009AB804 /* ZNPlacesViewController.m in Sources */ = {isa = PBXBuildFile; fileRef = D4968BBE17646722009AB804 /* ZNPlacesViewController.m */; };
		D4C4E0E0175865E20003516C /* ZNUser.m in Sources */ = {isa = PBXBuildFile; fileRef = D4C4E0DF175865E20003516C /* ZNUser.m */; };
/* End PBXBuildFile section */

/* Begin PBXContainerItemProxy section */
		D42E55A6174BCEC70070A864 /* PBXContainerItemProxy */ = {
			isa = PBXContainerItemProxy;
			containerPortal = D42E5565174BCEC70070A864 /* Project object */;
			proxyType = 1;
			remoteGlobalIDString = D42E556C174BCEC70070A864;
			remoteInfo = ZheNar;
		};
/* End PBXContainerItemProxy section */

/* Begin PBXFileReference section */
		1A3CBAF7174C7DD50012A9FF /* 07-map-marker.png */ = {isa = PBXFileReference; lastKnownFileType = image.png; name = "07-map-marker.png"; path = "Resources/07-map-marker.png"; sourceTree = "<group>"; };
		1A3CBAF8174C7DD50012A9FF /* 07-map-marker@2x.png */ = {isa = PBXFileReference; lastKnownFileType = image.png; name = "07-map-marker@2x.png"; path = "Resources/07-map-marker@2x.png"; sourceTree = "<group>"; };
		1A3CBAF9174C7DD50012A9FF /* 83-calendar.png */ = {isa = PBXFileReference; lastKnownFileType = image.png; name = "83-calendar.png"; path = "Resources/83-calendar.png"; sourceTree = "<group>"; };
		1A3CBAFA174C7DD50012A9FF /* 83-calendar@2x.png */ = {isa = PBXFileReference; lastKnownFileType = image.png; name = "83-calendar@2x.png"; path = "Resources/83-calendar@2x.png"; sourceTree = "<group>"; };
		1A3CBAFB174C7DD50012A9FF /* 103-map.png */ = {isa = PBXFileReference; lastKnownFileType = image.png; name = "103-map.png"; path = "Resources/103-map.png"; sourceTree = "<group>"; };
		1A3CBAFC174C7DD50012A9FF /* 103-map@2x.png */ = {isa = PBXFileReference; lastKnownFileType = image.png; name = "103-map@2x.png"; path = "Resources/103-map@2x.png"; sourceTree = "<group>"; };
		D42E556D174BCEC70070A864 /* ZheNar.app */ = {isa = PBXFileReference; explicitFileType = wrapper.application; includeInIndex = 0; path = ZheNar.app; sourceTree = BUILT_PRODUCTS_DIR; };
		D42E5570174BCEC70070A864 /* UIKit.framework */ = {isa = PBXFileReference; lastKnownFileType = wrapper.framework; name = UIKit.framework; path = System/Library/Frameworks/UIKit.framework; sourceTree = SDKROOT; };
		D42E5572174BCEC70070A864 /* Foundation.framework */ = {isa = PBXFileReference; lastKnownFileType = wrapper.framework; name = Foundation.framework; path = System/Library/Frameworks/Foundation.framework; sourceTree = SDKROOT; };
		D42E5574174BCEC70070A864 /* CoreGraphics.framework */ = {isa = PBXFileReference; lastKnownFileType = wrapper.framework; name = CoreGraphics.framework; path = System/Library/Frameworks/CoreGraphics.framework; sourceTree = SDKROOT; };
		D42E5578174BCEC70070A864 /* ZheNar-Info.plist */ = {isa = PBXFileReference; lastKnownFileType = text.plist.xml; path = "ZheNar-Info.plist"; sourceTree = "<group>"; };
		D42E557A174BCEC70070A864 /* en */ = {isa = PBXFileReference; lastKnownFileType = text.plist.strings; name = en; path = en.lproj/InfoPlist.strings; sourceTree = "<group>"; };
		D42E557C174BCEC70070A864 /* main.m */ = {isa = PBXFileReference; lastKnownFileType = sourcecode.c.objc; path = main.m; sourceTree = "<group>"; };
		D42E557E174BCEC70070A864 /* ZheNar-Prefix.pch */ = {isa = PBXFileReference; lastKnownFileType = sourcecode.c.h; path = "ZheNar-Prefix.pch"; sourceTree = "<group>"; };
		D42E557F174BCEC70070A864 /* ZNAppDelegate.h */ = {isa = PBXFileReference; lastKnownFileType = sourcecode.c.h; path = ZNAppDelegate.h; sourceTree = "<group>"; };
		D42E5580174BCEC70070A864 /* ZNAppDelegate.m */ = {isa = PBXFileReference; lastKnownFileType = sourcecode.c.objc; path = ZNAppDelegate.m; sourceTree = "<group>"; };
		D42E5582174BCEC70070A864 /* Default.png */ = {isa = PBXFileReference; lastKnownFileType = image.png; path = Default.png; sourceTree = "<group>"; };
		D42E5584174BCEC70070A864 /* Default@2x.png */ = {isa = PBXFileReference; lastKnownFileType = image.png; path = "Default@2x.png"; sourceTree = "<group>"; };
		D42E5586174BCEC70070A864 /* Default-568h@2x.png */ = {isa = PBXFileReference; lastKnownFileType = image.png; path = "Default-568h@2x.png"; sourceTree = "<group>"; };
		D42E5589174BCEC70070A864 /* en */ = {isa = PBXFileReference; lastKnownFileType = file.storyboard; name = en; path = en.lproj/MainStoryboard_iPhone.storyboard; sourceTree = "<group>"; };
		D42E558C174BCEC70070A864 /* en */ = {isa = PBXFileReference; lastKnownFileType = file.storyboard; name = en; path = en.lproj/MainStoryboard_iPad.storyboard; sourceTree = "<group>"; };
		D42E55A1174BCEC70070A864 /* ZheNarTests.octest */ = {isa = PBXFileReference; explicitFileType = wrapper.cfbundle; includeInIndex = 0; path = ZheNarTests.octest; sourceTree = BUILT_PRODUCTS_DIR; };
		D42E55A2174BCEC70070A864 /* SenTestingKit.framework */ = {isa = PBXFileReference; lastKnownFileType = wrapper.framework; name = SenTestingKit.framework; path = Library/Frameworks/SenTestingKit.framework; sourceTree = DEVELOPER_DIR; };
		D42E55AA174BCEC70070A864 /* ZheNarTests-Info.plist */ = {isa = PBXFileReference; lastKnownFileType = text.plist.xml; path = "ZheNarTests-Info.plist"; sourceTree = "<group>"; };
		D42E55AC174BCEC70070A864 /* en */ = {isa = PBXFileReference; lastKnownFileType = text.plist.strings; name = en; path = en.lproj/InfoPlist.strings; sourceTree = "<group>"; };
		D42E55AE174BCEC70070A864 /* ZheNarTests.h */ = {isa = PBXFileReference; lastKnownFileType = sourcecode.c.h; path = ZheNarTests.h; sourceTree = "<group>"; };
		D42E55AF174BCEC70070A864 /* ZheNarTests.m */ = {isa = PBXFileReference; lastKnownFileType = sourcecode.c.objc; path = ZheNarTests.m; sourceTree = "<group>"; };
		D456554817670ACC004BE2D6 /* ZNLatestEventsViewController.h */ = {isa = PBXFileReference; fileEncoding = 4; lastKnownFileType = sourcecode.c.h; path = ZNLatestEventsViewController.h; sourceTree = "<group>"; };
		D456554917670ACC004BE2D6 /* ZNLatestEventsViewController.m */ = {isa = PBXFileReference; fileEncoding = 4; lastKnownFileType = sourcecode.c.objc; path = ZNLatestEventsViewController.m; sourceTree = "<group>"; };
		D45BC1CA1771CCFC003C6168 /* ZNNetwork.h */ = {isa = PBXFileReference; fileEncoding = 4; lastKnownFileType = sourcecode.c.h; path = ZNNetwork.h; sourceTree = "<group>"; };
		D45BC1CB1771CCFC003C6168 /* ZNNetwork.m */ = {isa = PBXFileReference; fileEncoding = 4; lastKnownFileType = sourcecode.c.objc; path = ZNNetwork.m; sourceTree = "<group>"; };
		D476F678174DF5C0000A3ADD /* ZNPlace.h */ = {isa = PBXFileReference; fileEncoding = 4; lastKnownFileType = sourcecode.c.h; path = ZNPlace.h; sourceTree = "<group>"; };
		D476F679174DF5C0000A3ADD /* ZNPlace.m */ = {isa = PBXFileReference; fileEncoding = 4; lastKnownFileType = sourcecode.c.objc; path = ZNPlace.m; sourceTree = "<group>"; };
		D476F67B174DFB4F000A3ADD /* ZNEvent.h */ = {isa = PBXFileReference; fileEncoding = 4; lastKnownFileType = sourcecode.c.h; path = ZNEvent.h; sourceTree = "<group>"; };
		D476F67C174DFB4F000A3ADD /* ZNEvent.m */ = {isa = PBXFileReference; fileEncoding = 4; lastKnownFileType = sourcecode.c.objc; path = ZNEvent.m; sourceTree = "<group>"; };
		D476F67E174E06D7000A3ADD /* ZNPlaceType.h */ = {isa = PBXFileReference; fileEncoding = 4; lastKnownFileType = sourcecode.c.h; path = ZNPlaceType.h; sourceTree = "<group>"; };
		D476F67F174E06D7000A3ADD /* ZNPlaceType.m */ = {isa = PBXFileReference; fileEncoding = 4; lastKnownFileType = sourcecode.c.objc; path = ZNPlaceType.m; sourceTree = "<group>"; };
		D476F681174E0828000A3ADD /* ZNEventType.h */ = {isa = PBXFileReference; fileEncoding = 4; lastKnownFileType = sourcecode.c.h; path = ZNEventType.h; sourceTree = "<group>"; };
		D476F682174E0828000A3ADD /* ZNEventType.m */ = {isa = PBXFileReference; fileEncoding = 4; lastKnownFileType = sourcecode.c.objc; path = ZNEventType.m; sourceTree = "<group>"; };
		D476F684174E30E6000A3ADD /* MapKit.framework */ = {isa = PBXFileReference; lastKnownFileType = wrapper.framework; name = MapKit.framework; path = System/Library/Frameworks/MapKit.framework; sourceTree = SDKROOT; };
		D4968BB417642A6B009AB804 /* ZNEventDetailViewController.h */ = {isa = PBXFileReference; fileEncoding = 4; lastKnownFileType = sourcecode.c.h; path = ZNEventDetailViewController.h; sourceTree = "<group>"; };
		D4968BB517642A6B009AB804 /* ZNEventDetailViewController.m */ = {isa = PBXFileReference; fileEncoding = 4; lastKnownFileType = sourcecode.c.objc; path = ZNEventDetailViewController.m; sourceTree = "<group>"; };
		D4968BB717642AD2009AB804 /* ZNEventsViewController.h */ = {isa = PBXFileReference; fileEncoding = 4; lastKnownFileType = sourcecode.c.h; path = ZNEventsViewController.h; sourceTree = "<group>"; };
		D4968BB817642AD2009AB804 /* ZNEventsViewController.m */ = {isa = PBXFileReference; fileEncoding = 4; lastKnownFileType = sourcecode.c.objc; path = ZNEventsViewController.m; sourceTree = "<group>"; };
		D4968BBA17646714009AB804 /* ZNMapViewController.h */ = {isa = PBXFileReference; fileEncoding = 4; lastKnownFileType = sourcecode.c.h; path = ZNMapViewController.h; sourceTree = "<group>"; };
		D4968BBB17646714009AB804 /* ZNMapViewController.m */ = {isa = PBXFileReference; fileEncoding = 4; lastKnownFileType = sourcecode.c.objc; path = ZNMapViewController.m; sourceTree = "<group>"; };
		D4968BBD17646722009AB804 /* ZNPlacesViewController.h */ = {isa = PBXFileReference; fileEncoding = 4; lastKnownFileType = sourcecode.c.h; path = ZNPlacesViewController.h; sourceTree = "<group>"; };
		D4968BBE17646722009AB804 /* ZNPlacesViewController.m */ = {isa = PBXFileReference; fileEncoding = 4; lastKnownFileType = sourcecode.c.objc; path = ZNPlacesViewController.m; sourceTree = "<group>"; };
		D4C4E0DE175865E20003516C /* ZNUser.h */ = {isa = PBXFileReference; fileEncoding = 4; lastKnownFileType = sourcecode.c.h; path = ZNUser.h; sourceTree = "<group>"; };
		D4C4E0DF175865E20003516C /* ZNUser.m */ = {isa = PBXFileReference; fileEncoding = 4; lastKnownFileType = sourcecode.c.objc; path = ZNUser.m; sourceTree = "<group>"; };
		D5DC557F780C4DB1AB7F84BD /* Pods.xcconfig */ = {isa = PBXFileReference; includeInIndex = 1; lastKnownFileType = text.xcconfig; name = Pods.xcconfig; path = Pods/Pods.xcconfig; sourceTree = SOURCE_ROOT; };
		E573213D493340B9A803E862 /* libPods.a */ = {isa = PBXFileReference; explicitFileType = archive.ar; includeInIndex = 0; path = libPods.a; sourceTree = BUILT_PRODUCTS_DIR; };
/* End PBXFileReference section */

/* Begin PBXFrameworksBuildPhase section */
		D42E556A174BCEC70070A864 /* Frameworks */ = {
			isa = PBXFrameworksBuildPhase;
			buildActionMask = 2147483647;
			files = (
				D476F685174E30E6000A3ADD /* MapKit.framework in Frameworks */,
				D42E5571174BCEC70070A864 /* UIKit.framework in Frameworks */,
				D42E5573174BCEC70070A864 /* Foundation.framework in Frameworks */,
				D42E5575174BCEC70070A864 /* CoreGraphics.framework in Frameworks */,
				B5F418AA056046E3B9AD30C4 /* libPods.a in Frameworks */,
			);
			runOnlyForDeploymentPostprocessing = 0;
		};
		D42E559D174BCEC70070A864 /* Frameworks */ = {
			isa = PBXFrameworksBuildPhase;
			buildActionMask = 2147483647;
			files = (
				D42E55A3174BCEC70070A864 /* SenTestingKit.framework in Frameworks */,
				D42E55A4174BCEC70070A864 /* UIKit.framework in Frameworks */,
				D42E55A5174BCEC70070A864 /* Foundation.framework in Frameworks */,
			);
			runOnlyForDeploymentPostprocessing = 0;
		};
/* End PBXFrameworksBuildPhase section */

/* Begin PBXGroup section */
		1A3CBB03174C7DD90012A9FF /* Resources */ = {
			isa = PBXGroup;
			children = (
				1A3CBAF7174C7DD50012A9FF /* 07-map-marker.png */,
				1A3CBAF8174C7DD50012A9FF /* 07-map-marker@2x.png */,
				1A3CBAF9174C7DD50012A9FF /* 83-calendar.png */,
				1A3CBAFA174C7DD50012A9FF /* 83-calendar@2x.png */,
				1A3CBAFB174C7DD50012A9FF /* 103-map.png */,
				1A3CBAFC174C7DD50012A9FF /* 103-map@2x.png */,
			);
			name = Resources;
			sourceTree = "<group>";
		};
		D42D5F37174E36EA00887CFA /* Model */ = {
			isa = PBXGroup;
			children = (
				D45BC1CA1771CCFC003C6168 /* ZNNetwork.h */,
				D45BC1CB1771CCFC003C6168 /* ZNNetwork.m */,
				D42E557F174BCEC70070A864 /* ZNAppDelegate.h */,
				D42E5580174BCEC70070A864 /* ZNAppDelegate.m */,
				D476F678174DF5C0000A3ADD /* ZNPlace.h */,
				D476F679174DF5C0000A3ADD /* ZNPlace.m */,
				D476F67E174E06D7000A3ADD /* ZNPlaceType.h */,
				D476F67F174E06D7000A3ADD /* ZNPlaceType.m */,
				D476F67B174DFB4F000A3ADD /* ZNEvent.h */,
				D476F67C174DFB4F000A3ADD /* ZNEvent.m */,
				D476F681174E0828000A3ADD /* ZNEventType.h */,
				D476F682174E0828000A3ADD /* ZNEventType.m */,
				D4C4E0DE175865E20003516C /* ZNUser.h */,
				D4C4E0DF175865E20003516C /* ZNUser.m */,
			);
			name = Model;
			sourceTree = "<group>";
		};
		D42D5F38174E370200887CFA /* Controller */ = {
			isa = PBXGroup;
			children = (
				D4968BBA17646714009AB804 /* ZNMapViewController.h */,
				D4968BBB17646714009AB804 /* ZNMapViewController.m */,
				D4968BBD17646722009AB804 /* ZNPlacesViewController.h */,
				D4968BBE17646722009AB804 /* ZNPlacesViewController.m */,
				D4968BB717642AD2009AB804 /* ZNEventsViewController.h */,
				D4968BB817642AD2009AB804 /* ZNEventsViewController.m */,
				D4968BB417642A6B009AB804 /* ZNEventDetailViewController.h */,
				D4968BB517642A6B009AB804 /* ZNEventDetailViewController.m */,
				D456554817670ACC004BE2D6 /* ZNLatestEventsViewController.h */,
				D456554917670ACC004BE2D6 /* ZNLatestEventsViewController.m */,
			);
			name = Controller;
			sourceTree = "<group>";
		};
		D42D5F39174E374300887CFA /* View */ = {
			isa = PBXGroup;
			children = (
				D42E558B174BCEC70070A864 /* MainStoryboard_iPad.storyboard */,
				D42E5588174BCEC70070A864 /* MainStoryboard_iPhone.storyboard */,
			);
			name = View;
			sourceTree = "<group>";
		};
		D42E5564174BCEC70070A864 = {
			isa = PBXGroup;
			children = (
				D42E5576174BCEC70070A864 /* ZheNar */,
				D42E55A8174BCEC70070A864 /* ZheNarTests */,
				D42E556F174BCEC70070A864 /* Frameworks */,
				D42E556E174BCEC70070A864 /* Products */,
				D5DC557F780C4DB1AB7F84BD /* Pods.xcconfig */,
			);
			sourceTree = "<group>";
		};
		D42E556E174BCEC70070A864 /* Products */ = {
			isa = PBXGroup;
			children = (
				D42E556D174BCEC70070A864 /* ZheNar.app */,
				D42E55A1174BCEC70070A864 /* ZheNarTests.octest */,
			);
			name = Products;
			sourceTree = "<group>";
		};
		D42E556F174BCEC70070A864 /* Frameworks */ = {
			isa = PBXGroup;
			children = (
				D476F684174E30E6000A3ADD /* MapKit.framework */,
				D42E5570174BCEC70070A864 /* UIKit.framework */,
				D42E5572174BCEC70070A864 /* Foundation.framework */,
				D42E5574174BCEC70070A864 /* CoreGraphics.framework */,
				D42E55A2174BCEC70070A864 /* SenTestingKit.framework */,
				E573213D493340B9A803E862 /* libPods.a */,
			);
			name = Frameworks;
			sourceTree = "<group>";
		};
		D42E5576174BCEC70070A864 /* ZheNar */ = {
			isa = PBXGroup;
			children = (
				D42D5F39174E374300887CFA /* View */,
				D42D5F38174E370200887CFA /* Controller */,
				D42D5F37174E36EA00887CFA /* Model */,
				1A3CBB03174C7DD90012A9FF /* Resources */,
				D42E5577174BCEC70070A864 /* Supporting Files */,
			);
			path = ZheNar;
			sourceTree = "<group>";
		};
		D42E5577174BCEC70070A864 /* Supporting Files */ = {
			isa = PBXGroup;
			children = (
				D42E5578174BCEC70070A864 /* ZheNar-Info.plist */,
				D42E5579174BCEC70070A864 /* InfoPlist.strings */,
				D42E557C174BCEC70070A864 /* main.m */,
				D42E557E174BCEC70070A864 /* ZheNar-Prefix.pch */,
				D42E5582174BCEC70070A864 /* Default.png */,
				D42E5584174BCEC70070A864 /* Default@2x.png */,
				D42E5586174BCEC70070A864 /* Default-568h@2x.png */,
			);
			name = "Supporting Files";
			sourceTree = "<group>";
		};
		D42E55A8174BCEC70070A864 /* ZheNarTests */ = {
			isa = PBXGroup;
			children = (
				D42E55AE174BCEC70070A864 /* ZheNarTests.h */,
				D42E55AF174BCEC70070A864 /* ZheNarTests.m */,
				D42E55A9174BCEC70070A864 /* Supporting Files */,
			);
			path = ZheNarTests;
			sourceTree = "<group>";
		};
		D42E55A9174BCEC70070A864 /* Supporting Files */ = {
			isa = PBXGroup;
			children = (
				D42E55AA174BCEC70070A864 /* ZheNarTests-Info.plist */,
				D42E55AB174BCEC70070A864 /* InfoPlist.strings */,
			);
			name = "Supporting Files";
			sourceTree = "<group>";
		};
/* End PBXGroup section */

/* Begin PBXNativeTarget section */
		D42E556C174BCEC70070A864 /* ZheNar */ = {
			isa = PBXNativeTarget;
			buildConfigurationList = D42E55B3174BCEC70070A864 /* Build configuration list for PBXNativeTarget "ZheNar" */;
			buildPhases = (
				F0EA8E8801A34C268DAE65FC /* Check Pods Manifest.lock */,
				D42E5569174BCEC70070A864 /* Sources */,
				D42E556A174BCEC70070A864 /* Frameworks */,
				D42E556B174BCEC70070A864 /* Resources */,
				9F41701ECA44409185F67146 /* Copy Pods Resources */,
			);
			buildRules = (
			);
			dependencies = (
			);
			name = ZheNar;
			productName = ZheNar;
			productReference = D42E556D174BCEC70070A864 /* ZheNar.app */;
			productType = "com.apple.product-type.application";
		};
		D42E55A0174BCEC70070A864 /* ZheNarTests */ = {
			isa = PBXNativeTarget;
			buildConfigurationList = D42E55B6174BCEC70070A864 /* Build configuration list for PBXNativeTarget "ZheNarTests" */;
			buildPhases = (
				D42E559C174BCEC70070A864 /* Sources */,
				D42E559D174BCEC70070A864 /* Frameworks */,
				D42E559E174BCEC70070A864 /* Resources */,
				D42E559F174BCEC70070A864 /* ShellScript */,
			);
			buildRules = (
			);
			dependencies = (
				D42E55A7174BCEC70070A864 /* PBXTargetDependency */,
			);
			name = ZheNarTests;
			productName = ZheNarTests;
			productReference = D42E55A1174BCEC70070A864 /* ZheNarTests.octest */;
			productType = "com.apple.product-type.bundle";
		};
/* End PBXNativeTarget section */

/* Begin PBXProject section */
		D42E5565174BCEC70070A864 /* Project object */ = {
			isa = PBXProject;
			attributes = {
				CLASSPREFIX = ZN;
				LastUpgradeCheck = 0460;
				ORGANIZATIONNAME = Zhenar;
			};
			buildConfigurationList = D42E5568174BCEC70070A864 /* Build configuration list for PBXProject "ZheNar" */;
			compatibilityVersion = "Xcode 3.2";
			developmentRegion = English;
			hasScannedForEncodings = 0;
			knownRegions = (
				en,
			);
			mainGroup = D42E5564174BCEC70070A864;
			productRefGroup = D42E556E174BCEC70070A864 /* Products */;
			projectDirPath = "";
			projectRoot = "";
			targets = (
				D42E556C174BCEC70070A864 /* ZheNar */,
				D42E55A0174BCEC70070A864 /* ZheNarTests */,
			);
		};
/* End PBXProject section */

/* Begin PBXResourcesBuildPhase section */
		D42E556B174BCEC70070A864 /* Resources */ = {
			isa = PBXResourcesBuildPhase;
			buildActionMask = 2147483647;
			files = (
				D42E557B174BCEC70070A864 /* InfoPlist.strings in Resources */,
				D42E5583174BCEC70070A864 /* Default.png in Resources */,
				D42E5585174BCEC70070A864 /* Default@2x.png in Resources */,
				D42E5587174BCEC70070A864 /* Default-568h@2x.png in Resources */,
				D42E558A174BCEC70070A864 /* MainStoryboard_iPhone.storyboard in Resources */,
				D42E558D174BCEC70070A864 /* MainStoryboard_iPad.storyboard in Resources */,
				1A3CBAFD174C7DD50012A9FF /* 07-map-marker.png in Resources */,
				1A3CBAFE174C7DD50012A9FF /* 07-map-marker@2x.png in Resources */,
				1A3CBAFF174C7DD50012A9FF /* 83-calendar.png in Resources */,
				1A3CBB00174C7DD50012A9FF /* 83-calendar@2x.png in Resources */,
				1A3CBB01174C7DD50012A9FF /* 103-map.png in Resources */,
				1A3CBB02174C7DD50012A9FF /* 103-map@2x.png in Resources */,
			);
			runOnlyForDeploymentPostprocessing = 0;
		};
		D42E559E174BCEC70070A864 /* Resources */ = {
			isa = PBXResourcesBuildPhase;
			buildActionMask = 2147483647;
			files = (
				D42E55AD174BCEC70070A864 /* InfoPlist.strings in Resources */,
			);
			runOnlyForDeploymentPostprocessing = 0;
		};
/* End PBXResourcesBuildPhase section */

/* Begin PBXShellScriptBuildPhase section */
		9F41701ECA44409185F67146 /* Copy Pods Resources */ = {
			isa = PBXShellScriptBuildPhase;
			buildActionMask = 2147483647;
			files = (
			);
			inputPaths = (
			);
			name = "Copy Pods Resources";
			outputPaths = (
			);
			runOnlyForDeploymentPostprocessing = 0;
			shellPath = /bin/sh;
			shellScript = "\"${SRCROOT}/Pods/Pods-resources.sh\"\n";
		};
		D42E559F174BCEC70070A864 /* ShellScript */ = {
			isa = PBXShellScriptBuildPhase;
			buildActionMask = 2147483647;
			files = (
			);
			inputPaths = (
			);
			outputPaths = (
			);
			runOnlyForDeploymentPostprocessing = 0;
			shellPath = /bin/sh;
			shellScript = "# Run the unit tests in this test bundle.\n\"${SYSTEM_DEVELOPER_DIR}/Tools/RunUnitTests\"\n";
		};
		F0EA8E8801A34C268DAE65FC /* Check Pods Manifest.lock */ = {
			isa = PBXShellScriptBuildPhase;
			buildActionMask = 2147483647;
			files = (
			);
			inputPaths = (
			);
			name = "Check Pods Manifest.lock";
			outputPaths = (
			);
			runOnlyForDeploymentPostprocessing = 0;
			shellPath = /bin/sh;
			shellScript = "diff \"${PODS_ROOT}/../Podfile.lock\" \"${PODS_ROOT}/Manifest.lock\" > /dev/null\nif [[ $? != 0 ]] ; then\n    cat << EOM\nerror: The sandbox is not in sync with the Podfile.lock. Run 'pod install' or update your CocoaPods installation.\nEOM\n    exit 1\nfi\n";
		};
/* End PBXShellScriptBuildPhase section */

/* Begin PBXSourcesBuildPhase section */
		D42E5569174BCEC70070A864 /* Sources */ = {
			isa = PBXSourcesBuildPhase;
			buildActionMask = 2147483647;
			files = (
				D42E557D174BCEC70070A864 /* main.m in Sources */,
				D42E5581174BCEC70070A864 /* ZNAppDelegate.m in Sources */,
				D476F67A174DF5C0000A3ADD /* ZNPlace.m in Sources */,
				D476F67D174DFB4F000A3ADD /* ZNEvent.m in Sources */,
				D476F680174E06D7000A3ADD /* ZNPlaceType.m in Sources */,
				D476F683174E0828000A3ADD /* ZNEventType.m in Sources */,
				D4C4E0E0175865E20003516C /* ZNUser.m in Sources */,
				D4968BB617642A6B009AB804 /* ZNEventDetailViewController.m in Sources */,
				D4968BB917642AD2009AB804 /* ZNEventsViewController.m in Sources */,
				D4968BBC17646714009AB804 /* ZNMapViewController.m in Sources */,
				D4968BBF17646722009AB804 /* ZNPlacesViewController.m in Sources */,
				D456554A17670ACC004BE2D6 /* ZNLatestEventsViewController.m in Sources */,
				D45BC1CC1771CCFC003C6168 /* ZNNetwork.m in Sources */,
			);
			runOnlyForDeploymentPostprocessing = 0;
		};
		D42E559C174BCEC70070A864 /* Sources */ = {
			isa = PBXSourcesBuildPhase;
			buildActionMask = 2147483647;
			files = (
				D42E55B0174BCEC70070A864 /* ZheNarTests.m in Sources */,
			);
			runOnlyForDeploymentPostprocessing = 0;
		};
/* End PBXSourcesBuildPhase section */

/* Begin PBXTargetDependency section */
		D42E55A7174BCEC70070A864 /* PBXTargetDependency */ = {
			isa = PBXTargetDependency;
			target = D42E556C174BCEC70070A864 /* ZheNar */;
			targetProxy = D42E55A6174BCEC70070A864 /* PBXContainerItemProxy */;
		};
/* End PBXTargetDependency section */

/* Begin PBXVariantGroup section */
		D42E5579174BCEC70070A864 /* InfoPlist.strings */ = {
			isa = PBXVariantGroup;
			children = (
				D42E557A174BCEC70070A864 /* en */,
			);
			name = InfoPlist.strings;
			sourceTree = "<group>";
		};
		D42E5588174BCEC70070A864 /* MainStoryboard_iPhone.storyboard */ = {
			isa = PBXVariantGroup;
			children = (
				D42E5589174BCEC70070A864 /* en */,
			);
			name = MainStoryboard_iPhone.storyboard;
			sourceTree = "<group>";
		};
		D42E558B174BCEC70070A864 /* MainStoryboard_iPad.storyboard */ = {
			isa = PBXVariantGroup;
			children = (
				D42E558C174BCEC70070A864 /* en */,
			);
			name = MainStoryboard_iPad.storyboard;
			sourceTree = "<group>";
		};
		D42E55AB174BCEC70070A864 /* InfoPlist.strings */ = {
			isa = PBXVariantGroup;
			children = (
				D42E55AC174BCEC70070A864 /* en */,
			);
			name = InfoPlist.strings;
			sourceTree = "<group>";
		};
/* End PBXVariantGroup section */

/* Begin XCBuildConfiguration section */
		D42E55B1174BCEC70070A864 /* Debug */ = {
			isa = XCBuildConfiguration;
			buildSettings = {
				ALWAYS_SEARCH_USER_PATHS = NO;
				CLANG_CXX_LANGUAGE_STANDARD = "gnu++0x";
				CLANG_CXX_LIBRARY = "libc++";
				CLANG_ENABLE_OBJC_ARC = YES;
				CLANG_WARN_CONSTANT_CONVERSION = YES;
				CLANG_WARN_EMPTY_BODY = YES;
				CLANG_WARN_ENUM_CONVERSION = YES;
				CLANG_WARN_INT_CONVERSION = YES;
				CLANG_WARN__DUPLICATE_METHOD_MATCH = YES;
				CODE_SIGN_IDENTITY = "iPhone Distribution";
				COPY_PHASE_STRIP = NO;
				GCC_C_LANGUAGE_STANDARD = gnu99;
				GCC_DYNAMIC_NO_PIC = NO;
				GCC_OPTIMIZATION_LEVEL = 0;
				GCC_PREPROCESSOR_DEFINITIONS = (
					"DEBUG=1",
					"$(inherited)",
				);
				GCC_SYMBOLS_PRIVATE_EXTERN = NO;
				GCC_WARN_ABOUT_RETURN_TYPE = YES;
				GCC_WARN_UNINITIALIZED_AUTOS = YES;
				GCC_WARN_UNUSED_VARIABLE = YES;
				IPHONEOS_DEPLOYMENT_TARGET = 6.1;
				ONLY_ACTIVE_ARCH = YES;
				PROVISIONING_PROFILE = "";
				SDKROOT = iphoneos;
				TARGETED_DEVICE_FAMILY = "1,2";
			};
			name = Debug;
		};
		D42E55B2174BCEC70070A864 /* Release */ = {
			isa = XCBuildConfiguration;
			buildSettings = {
				ALWAYS_SEARCH_USER_PATHS = NO;
				CLANG_CXX_LANGUAGE_STANDARD = "gnu++0x";
				CLANG_CXX_LIBRARY = "libc++";
				CLANG_ENABLE_OBJC_ARC = YES;
				CLANG_WARN_CONSTANT_CONVERSION = YES;
				CLANG_WARN_EMPTY_BODY = YES;
				CLANG_WARN_ENUM_CONVERSION = YES;
				CLANG_WARN_INT_CONVERSION = YES;
				CLANG_WARN__DUPLICATE_METHOD_MATCH = YES;
				CODE_SIGN_IDENTITY = "iPhone Distribution";
				COPY_PHASE_STRIP = YES;
				GCC_C_LANGUAGE_STANDARD = gnu99;
				GCC_WARN_ABOUT_RETURN_TYPE = YES;
				GCC_WARN_UNINITIALIZED_AUTOS = YES;
				GCC_WARN_UNUSED_VARIABLE = YES;
				IPHONEOS_DEPLOYMENT_TARGET = 6.1;
				OTHER_CFLAGS = "-DNS_BLOCK_ASSERTIONS=1";
				PROVISIONING_PROFILE = "";
				SDKROOT = iphoneos;
				TARGETED_DEVICE_FAMILY = "1,2";
				VALIDATE_PRODUCT = YES;
			};
			name = Release;
		};
		D42E55B4174BCEC70070A864 /* Debug */ = {
			isa = XCBuildConfiguration;
			baseConfigurationReference = D5DC557F780C4DB1AB7F84BD /* Pods.xcconfig */;
			buildSettings = {
				GCC_PRECOMPILE_PREFIX_HEADER = YES;
				GCC_PREFIX_HEADER = "ZheNar/ZheNar-Prefix.pch";
				INFOPLIST_FILE = "ZheNar/ZheNar-Info.plist";
				PRODUCT_NAME = "$(TARGET_NAME)";
				WRAPPER_EXTENSION = app;
			};
			name = Debug;
		};
		D42E55B5174BCEC70070A864 /* Release */ = {
			isa = XCBuildConfiguration;
			baseConfigurationReference = D5DC557F780C4DB1AB7F84BD /* Pods.xcconfig */;
			buildSettings = {
				GCC_PRECOMPILE_PREFIX_HEADER = YES;
				GCC_PREFIX_HEADER = "ZheNar/ZheNar-Prefix.pch";
				INFOPLIST_FILE = "ZheNar/ZheNar-Info.plist";
				PRODUCT_NAME = "$(TARGET_NAME)";
				WRAPPER_EXTENSION = app;
			};
			name = Release;
		};
		D42E55B7174BCEC70070A864 /* Debug */ = {
			isa = XCBuildConfiguration;
			buildSettings = {
				BUNDLE_LOADER = "$(BUILT_PRODUCTS_DIR)/ZheNar.app/ZheNar";
				FRAMEWORK_SEARCH_PATHS = (
					"\"$(SDKROOT)/Developer/Library/Frameworks\"",
					"\"$(DEVELOPER_LIBRARY_DIR)/Frameworks\"",
				);
				GCC_PRECOMPILE_PREFIX_HEADER = YES;
				GCC_PREFIX_HEADER = "ZheNar/ZheNar-Prefix.pch";
				INFOPLIST_FILE = "ZheNarTests/ZheNarTests-Info.plist";
				PRODUCT_NAME = "$(TARGET_NAME)";
				TEST_HOST = "$(BUNDLE_LOADER)";
				WRAPPER_EXTENSION = octest;
			};
			name = Debug;
		};
		D42E55B8174BCEC70070A864 /* Release */ = {
			isa = XCBuildConfiguration;
			buildSettings = {
				BUNDLE_LOADER = "$(BUILT_PRODUCTS_DIR)/ZheNar.app/ZheNar";
				FRAMEWORK_SEARCH_PATHS = (
					"\"$(SDKROOT)/Developer/Library/Frameworks\"",
					"\"$(DEVELOPER_LIBRARY_DIR)/Frameworks\"",
				);
				GCC_PRECOMPILE_PREFIX_HEADER = YES;
				GCC_PREFIX_HEADER = "ZheNar/ZheNar-Prefix.pch";
				INFOPLIST_FILE = "ZheNarTests/ZheNarTests-Info.plist";
				PRODUCT_NAME = "$(TARGET_NAME)";
				TEST_HOST = "$(BUNDLE_LOADER)";
				WRAPPER_EXTENSION = octest;
			};
			name = Release;
		};
/* End XCBuildConfiguration section */

/* Begin XCConfigurationList section */
		D42E5568174BCEC70070A864 /* Build configuration list for PBXProject "ZheNar" */ = {
			isa = XCConfigurationList;
			buildConfigurations = (
				D42E55B1174BCEC70070A864 /* Debug */,
				D42E55B2174BCEC70070A864 /* Release */,
			);
			defaultConfigurationIsVisible = 0;
			defaultConfigurationName = Release;
		};
		D42E55B3174BCEC70070A864 /* Build configuration list for PBXNativeTarget "ZheNar" */ = {
			isa = XCConfigurationList;
			buildConfigurations = (
				D42E55B4174BCEC70070A864 /* Debug */,
				D42E55B5174BCEC70070A864 /* Release */,
			);
			defaultConfigurationIsVisible = 0;
			defaultConfigurationName = Release;
		};
		D42E55B6174BCEC70070A864 /* Build configuration list for PBXNativeTarget "ZheNarTests" */ = {
			isa = XCConfigurationList;
			buildConfigurations = (
				D42E55B7174BCEC70070A864 /* Debug */,
				D42E55B8174BCEC70070A864 /* Release */,
			);
			defaultConfigurationIsVisible = 0;
			defaultConfigurationName = Release;
		};
/* End XCConfigurationList section */
	};
	rootObject = D42E5565174BCEC70070A864 /* Project object */;
}
